{
  "version": 4,
  "terraform_version": "1.11.4",
  "serial": 1014,
  "lineage": "b223fc01-8f00-368d-32ca-de888a5bddce",
  "outputs": {},
  "resources": [
    {
      "mode": "data",
      "type": "aws_route53_zone",
      "name": "clixx_zone",
      "provider": "provider[\"registry.terraform.io/hashicorp/aws\"]",
      "instances": [
        {
          "schema_version": 0,
          "attributes": {
            "arn": "arn:aws:route53:::hostedzone/Z10122851S4603DWSA3ZK",
            "caller_reference": "RISWorkflow-RD:f31fd0da-9129-4f80-b4e1-12dddf488d7c",
            "comment": "HostedZone created by Route53 Registrar",
            "id": "Z10122851S4603DWSA3ZK",
            "linked_service_description": null,
            "linked_service_principal": null,
            "name": "stack-claye.com",
            "name_servers": [
              "ns-1096.awsdns-09.org",
              "ns-857.awsdns-43.net",
              "ns-480.awsdns-60.com",
              "ns-1880.awsdns-43.co.uk"
            ],
            "primary_name_server": "ns-1096.awsdns-09.org",
            "private_zone": false,
            "resource_record_set_count": 6,
            "tags": {},
            "vpc_id": null,
            "zone_id": "Z10122851S4603DWSA3ZK"
          },
          "sensitive_attributes": []
        }
      ]
    },
    {
      "mode": "managed",
      "type": "aws_autoscaling_group",
      "name": "clixx_asg",
      "provider": "provider[\"registry.terraform.io/hashicorp/aws\"]",
      "instances": [
        {
          "schema_version": 0,
          "attributes": {
            "arn": "arn:aws:autoscaling:us-east-1:924305315126:autoScalingGroup:2a88555d-938d-4e28-95d7-ff7ee0cf93d8:autoScalingGroupName/clixx-asg-primary",
            "availability_zones": [
              "us-east-1a"
            ],
            "capacity_rebalance": false,
            "context": "",
            "default_cooldown": 300,
            "default_instance_warmup": 300,
            "desired_capacity": 1,
            "desired_capacity_type": "",
            "enabled_metrics": [],
            "force_delete": false,
            "force_delete_warm_pool": false,
            "health_check_grace_period": 300,
            "health_check_type": "EC2",
            "id": "clixx-asg-primary",
            "initial_lifecycle_hook": [],
            "instance_refresh": [],
            "launch_configuration": "",
            "launch_template": [
              {
                "id": "lt-0177a99d22f4e6f41",
                "name": "clixx-launch-template",
                "version": "$Latest"
              }
            ],
            "load_balancers": [],
            "max_instance_lifetime": 0,
            "max_size": 2,
            "metrics_granularity": "1Minute",
            "min_elb_capacity": null,
            "min_size": 1,
            "mixed_instances_policy": [],
            "name": "clixx-asg-primary",
            "name_prefix": "",
            "placement_group": "",
            "predicted_capacity": 0,
            "protect_from_scale_in": false,
            "service_linked_role_arn": "arn:aws:iam::924305315126:role/aws-service-role/autoscaling.amazonaws.com/AWSServiceRoleForAutoScaling",
            "suspended_processes": [],
            "tag": [
              {
                "key": "AZ",
                "propagate_at_launch": true,
                "value": "us-east-1a"
              },
              {
                "key": "CreatedBy",
                "propagate_at_launch": true,
                "value": "Terraform"
              },
              {
                "key": "ManagedBy",
                "propagate_at_launch": true,
                "value": "Terraform"
              },
              {
                "key": "Name",
                "propagate_at_launch": true,
                "value": "clixx-asg-primary-instance"
              },
              {
                "key": "Project",
                "propagate_at_launch": true,
                "value": "Clixx Retail"
              },
              {
                "key": "Stackteam",
                "propagate_at_launch": true,
                "value": "StackCloud13"
              },
              {
                "key": "owner",
                "propagate_at_launch": true,
                "value": "richard.claye@gmail.com"
              }
            ],
            "tags": null,
            "target_group_arns": [
              "arn:aws:elasticloadbalancing:us-east-1:924305315126:targetgroup/clixx-target-group/a56e136d5b39a31e"
            ],
            "termination_policies": [],
            "timeouts": null,
            "vpc_zone_identifier": [
              "subnet-03366959dfe4f4a56"
            ],
            "wait_for_capacity_timeout": "10m",
            "wait_for_elb_capacity": null,
            "warm_pool": [],
            "warm_pool_size": 0
          },
          "sensitive_attributes": [],
          "private": "eyJlMmJmYjczMC1lY2FhLTExZTYtOGY4OC0zNDM2M2JjN2M0YzAiOnsiZGVsZXRlIjo2MDAwMDAwMDAwMDAsInVwZGF0ZSI6NjAwMDAwMDAwMDAwfX0=",
          "dependencies": [
            "aws_db_instance.clixx_db",
            "aws_db_parameter_group.mysql80",
            "aws_db_snapshot_copy.clixx_snapshot_copy",
            "aws_db_subnet_group.clixx_db_subnet_group",
            "aws_efs_file_system.clixx_efs",
            "aws_efs_mount_target.clixx_mount_target",
            "aws_eip.nat",
            "aws_iam_instance_profile.clixx_instance_profile",
            "aws_iam_role.clixx_deploy_role",
            "aws_internet_gateway.igw",
            "aws_launch_template.clixx_app",
            "aws_lb.clixx_alb",
            "aws_lb_target_group.clixx_tg",
            "aws_nat_gateway.nat_gw",
            "aws_route_table.private_rt",
            "aws_route_table_association.private_app_rta",
            "aws_security_group.alb_sg",
            "aws_security_group.bastion_sg",
            "aws_security_group.ec2_sg",
            "aws_security_group.efs_sg",
            "aws_security_group.rds_sg",
            "aws_ssm_parameter.db_name",
            "aws_ssm_parameter.db_password",
            "aws_ssm_parameter.db_user",
            "aws_ssm_parameter.efs_id",
            "aws_ssm_parameter.hosted_zone_id",
            "aws_ssm_parameter.hosted_zone_name",
            "aws_ssm_parameter.hosted_zone_record",
            "aws_ssm_parameter.lb_dns",
            "aws_ssm_parameter.rds_endpoint",
            "aws_ssm_parameter.wp_admin_email",
            "aws_ssm_parameter.wp_admin_password",
            "aws_ssm_parameter.wp_admin_user",
            "aws_subnet.private_app",
            "aws_subnet.private_db",
            "aws_subnet.public",
            "aws_vpc.main",
            "data.aws_route53_zone.clixx_zone"
          ]
        }
      ]
    },
    {
      "mode": "managed",
      "type": "aws_autoscaling_group",
      "name": "clixx_asg_secondary",
      "provider": "provider[\"registry.terraform.io/hashicorp/aws\"]",
      "instances": [
        {
          "schema_version": 0,
          "attributes": {
            "arn": "arn:aws:autoscaling:us-east-1:924305315126:autoScalingGroup:2c327ecb-680c-4191-b091-3151173865a9:autoScalingGroupName/clixx-asg-secondary",
            "availability_zones": [
              "us-east-1b"
            ],
            "capacity_rebalance": false,
            "context": "",
            "default_cooldown": 300,
            "default_instance_warmup": 300,
            "desired_capacity": 1,
            "desired_capacity_type": "",
            "enabled_metrics": [],
            "force_delete": false,
            "force_delete_warm_pool": false,
            "health_check_grace_period": 300,
            "health_check_type": "EC2",
            "id": "clixx-asg-secondary",
            "initial_lifecycle_hook": [],
            "instance_refresh": [],
            "launch_configuration": "",
            "launch_template": [
              {
                "id": "lt-0a88dd4a817147743",
                "name": "clixx-launch-template-secondary",
                "version": "$Latest"
              }
            ],
            "load_balancers": [],
            "max_instance_lifetime": 0,
            "max_size": 2,
            "metrics_granularity": "1Minute",
            "min_elb_capacity": null,
            "min_size": 1,
            "mixed_instances_policy": [],
            "name": "clixx-asg-secondary",
            "name_prefix": "",
            "placement_group": "",
            "predicted_capacity": 0,
            "protect_from_scale_in": false,
            "service_linked_role_arn": "arn:aws:iam::924305315126:role/aws-service-role/autoscaling.amazonaws.com/AWSServiceRoleForAutoScaling",
            "suspended_processes": [],
            "tag": [
              {
                "key": "AZ",
                "propagate_at_launch": true,
                "value": "us-east-1b"
              },
              {
                "key": "CreatedBy",
                "propagate_at_launch": true,
                "value": "Terraform"
              },
              {
                "key": "ManagedBy",
                "propagate_at_launch": true,
                "value": "Terraform"
              },
              {
                "key": "Name",
                "propagate_at_launch": true,
                "value": "clixx-asg-secondary-instance"
              },
              {
                "key": "Project",
                "propagate_at_launch": true,
                "value": "Clixx Retail"
              },
              {
                "key": "Stackteam",
                "propagate_at_launch": true,
                "value": "StackCloud13"
              },
              {
                "key": "owner",
                "propagate_at_launch": true,
                "value": "richard.claye@gmail.com"
              }
            ],
            "tags": null,
            "target_group_arns": [
              "arn:aws:elasticloadbalancing:us-east-1:924305315126:targetgroup/clixx-target-group/a56e136d5b39a31e"
            ],
            "termination_policies": [],
            "timeouts": null,
            "vpc_zone_identifier": [
              "subnet-0b1d1a42731d51bb4"
            ],
            "wait_for_capacity_timeout": "10m",
            "wait_for_elb_capacity": null,
            "warm_pool": [],
            "warm_pool_size": 0
          },
          "sensitive_attributes": [],
          "private": "eyJlMmJmYjczMC1lY2FhLTExZTYtOGY4OC0zNDM2M2JjN2M0YzAiOnsiZGVsZXRlIjo2MDAwMDAwMDAwMDAsInVwZGF0ZSI6NjAwMDAwMDAwMDAwfX0=",
          "dependencies": [
            "aws_db_instance.clixx_db",
            "aws_db_parameter_group.mysql80",
            "aws_db_snapshot_copy.clixx_snapshot_copy",
            "aws_db_subnet_group.clixx_db_subnet_group",
            "aws_efs_file_system.clixx_efs",
            "aws_efs_mount_target.clixx_mount_target",
            "aws_eip.nat",
            "aws_iam_instance_profile.clixx_instance_profile",
            "aws_iam_role.clixx_deploy_role",
            "aws_internet_gateway.igw",
            "aws_launch_template.clixx_app_secondary",
            "aws_lb.clixx_alb",
            "aws_lb_target_group.clixx_tg",
            "aws_nat_gateway.nat_gw",
            "aws_route_table.private_rt",
            "aws_route_table_association.private_app_rta",
            "aws_security_group.alb_sg",
            "aws_security_group.bastion_sg",
            "aws_security_group.ec2_sg",
            "aws_security_group.efs_sg",
            "aws_security_group.rds_sg",
            "aws_ssm_parameter.db_name",
            "aws_ssm_parameter.db_password",
            "aws_ssm_parameter.db_user",
            "aws_ssm_parameter.rds_endpoint",
            "aws_subnet.private_app",
            "aws_subnet.private_db",
            "aws_subnet.public",
            "aws_vpc.main"
          ]
        }
      ]
    },
    {
      "mode": "managed",
      "type": "aws_db_instance",
      "name": "clixx_db",
      "provider": "provider[\"registry.terraform.io/hashicorp/aws\"]",
      "instances": [
        {
          "schema_version": 1,
          "attributes": {
            "address": "clixx-db-instance.cy5secw8qpif.us-east-1.rds.amazonaws.com",
            "allocated_storage": 20,
            "allow_major_version_upgrade": null,
            "apply_immediately": true,
            "arn": "arn:aws:rds:us-east-1:924305315126:db:clixx-db-instance",
            "auto_minor_version_upgrade": false,
            "availability_zone": "us-east-1a",
            "backup_retention_period": 0,
            "backup_window": "08:17-08:47",
            "blue_green_update": [],
            "ca_cert_identifier": "rds-ca-rsa2048-g1",
            "character_set_name": "",
            "copy_tags_to_snapshot": false,
            "custom_iam_instance_profile": "",
            "customer_owned_ip_enabled": false,
            "db_name": "wordpressdb",
            "db_subnet_group_name": "clixx-db-subnet-group",
            "delete_automated_backups": true,
            "deletion_protection": false,
            "domain": "",
            "domain_iam_role_name": "",
            "enabled_cloudwatch_logs_exports": [],
            "endpoint": "clixx-db-instance.cy5secw8qpif.us-east-1.rds.amazonaws.com:3306",
            "engine": "mysql",
            "engine_version": "8.0.35",
            "engine_version_actual": "8.0.35",
            "final_snapshot_identifier": null,
            "hosted_zone_id": "Z2R2ITUGPM61AM",
            "iam_database_authentication_enabled": false,
            "id": "clixx-db-instance",
            "identifier": "clixx-db-instance",
            "identifier_prefix": "",
            "instance_class": "db.t3.micro",
            "iops": 0,
            "kms_key_id": "",
            "latest_restorable_time": "",
            "license_model": "general-public-license",
            "listener_endpoint": [],
            "maintenance_window": "mon:00:00-mon:03:00",
            "manage_master_user_password": null,
            "master_user_secret": [],
            "master_user_secret_kms_key_id": null,
            "max_allocated_storage": 0,
            "monitoring_interval": 0,
            "monitoring_role_arn": "",
            "multi_az": true,
            "name": "wordpressdb",
            "nchar_character_set_name": "",
            "network_type": "IPV4",
            "option_group_name": "default:mysql-8-0",
            "parameter_group_name": "clixx-mysql80",
            "password": null,
            "performance_insights_enabled": false,
            "performance_insights_kms_key_id": "",
            "performance_insights_retention_period": 0,
            "port": 3306,
            "publicly_accessible": false,
            "replica_mode": "",
            "replicas": [],
            "replicate_source_db": "",
            "resource_id": "db-ONX7Z6MLEPNB5AIA5ZGTVOWITA",
            "restore_to_point_in_time": [],
            "s3_import": [],
            "security_group_names": [],
            "skip_final_snapshot": true,
            "snapshot_identifier": "clixx-snapshot-copy-20250604001650",
            "status": "available",
            "storage_encrypted": false,
            "storage_throughput": 0,
            "storage_type": "gp2",
            "tags": {
              "CreatedBy": "Terraform",
              "ManagedBy": "Terraform",
              "Name": "clixx-db-instance",
              "Project": "Clixx Retail",
              "Stackteam": "StackCloud13",
              "owner": "richard.claye@gmail.com"
            },
            "tags_all": {
              "CreatedBy": "Terraform",
              "ManagedBy": "Terraform",
              "Name": "clixx-db-instance",
              "Project": "Clixx Retail",
              "Stackteam": "StackCloud13",
              "owner": "richard.claye@gmail.com"
            },
            "timeouts": null,
            "timezone": "",
            "username": "wordpressuser",
            "vpc_security_group_ids": [
              "sg-035ecbe79148610ea"
            ]
          },
          "sensitive_attributes": [
            [
              {
                "type": "get_attr",
                "value": "password"
              }
            ]
          ],
          "private": "eyJlMmJmYjczMC1lY2FhLTExZTYtOGY4OC0zNDM2M2JjN2M0YzAiOnsiY3JlYXRlIjoyNDAwMDAwMDAwMDAwLCJkZWxldGUiOjM2MDAwMDAwMDAwMDAsInVwZGF0ZSI6NDgwMDAwMDAwMDAwMH0sInNjaGVtYV92ZXJzaW9uIjoiMSJ9",
          "dependencies": [
            "aws_db_parameter_group.mysql80",
            "aws_db_snapshot_copy.clixx_snapshot_copy",
            "aws_db_subnet_group.clixx_db_subnet_group",
            "aws_security_group.alb_sg",
            "aws_security_group.bastion_sg",
            "aws_security_group.ec2_sg",
            "aws_security_group.rds_sg",
            "aws_subnet.private_db",
            "aws_vpc.main"
          ]
        }
      ]
    },
    {
      "mode": "managed",
      "type": "aws_db_parameter_group",
      "name": "mysql80",
      "provider": "provider[\"registry.terraform.io/hashicorp/aws\"]",
      "instances": [
        {
          "schema_version": 0,
          "attributes": {
            "arn": "arn:aws:rds:us-east-1:924305315126:pg:clixx-mysql80",
            "description": "Custom parameter group for MySQL 8.0",
            "family": "mysql8.0",
            "id": "clixx-mysql80",
            "name": "clixx-mysql80",
            "name_prefix": null,
            "parameter": [],
            "tags": {
              "CreatedBy": "Terraform",
              "ManagedBy": "Terraform",
              "Name": "clixx-mysql80-parameter-group",
              "Project": "Clixx Retail",
              "Stackteam": "StackCloud13",
              "owner": "richard.claye@gmail.com"
            },
            "tags_all": {
              "CreatedBy": "Terraform",
              "ManagedBy": "Terraform",
              "Name": "clixx-mysql80-parameter-group",
              "Project": "Clixx Retail",
              "Stackteam": "StackCloud13",
              "owner": "richard.claye@gmail.com"
            }
          },
          "sensitive_attributes": [],
          "private": "bnVsbA=="
        }
      ]
    },
    {
      "mode": "managed",
      "type": "aws_db_snapshot_copy",
      "name": "clixx_snapshot_copy",
      "provider": "provider[\"registry.terraform.io/hashicorp/aws\"]",
      "instances": [
        {
          "schema_version": 0,
          "attributes": {
            "allocated_storage": 20,
            "availability_zone": "",
            "copy_tags": null,
            "db_snapshot_arn": "arn:aws:rds:us-east-1:924305315126:snapshot:clixx-snapshot-copy-20250604001650",
            "destination_region": null,
            "encrypted": false,
            "engine": "mysql",
            "engine_version": "8.0.28",
            "id": "clixx-snapshot-copy-20250604001650",
            "iops": 0,
            "kms_key_id": "",
            "license_model": "general-public-license",
            "option_group_name": "",
            "port": 3306,
            "presigned_url": null,
            "snapshot_type": "manual",
            "source_db_snapshot_identifier": "arn:aws:rds:us-east-1:577701061234:snapshot:wordpressdbclixx-ecs-snapshot",
            "source_region": "us-east-1",
            "storage_type": "gp2",
            "tags": {
              "CreatedBy": "Terraform",
              "ManagedBy": "Terraform",
              "Name": "clixx-snapshot-copy",
              "Project": "Clixx Retail",
              "Stackteam": "StackCloud13",
              "owner": "richard.claye@gmail.com"
            },
            "tags_all": {
              "CreatedBy": "Terraform",
              "ManagedBy": "Terraform",
              "Name": "clixx-snapshot-copy",
              "Project": "Clixx Retail",
              "Stackteam": "StackCloud13",
              "owner": "richard.claye@gmail.com"
            },
            "target_custom_availability_zone": null,
            "target_db_snapshot_identifier": "clixx-snapshot-copy-20250604001650",
            "timeouts": null,
            "vpc_id": ""
          },
          "sensitive_attributes": [],
          "private": "eyJlMmJmYjczMC1lY2FhLTExZTYtOGY4OC0zNDM2M2JjN2M0YzAiOnsiY3JlYXRlIjoxMjAwMDAwMDAwMDAwfX0=",
          "dependencies": [
            "aws_db_parameter_group.mysql80"
          ]
        }
      ]
    },
    {
      "mode": "managed",
      "type": "aws_db_subnet_group",
      "name": "clixx_db_subnet_group",
      "provider": "provider[\"registry.terraform.io/hashicorp/aws\"]",
      "instances": [
        {
          "schema_version": 0,
          "attributes": {
            "arn": "arn:aws:rds:us-east-1:924305315126:subgrp:clixx-db-subnet-group",
            "description": "Subnet group for Clixx RDS instance",
            "id": "clixx-db-subnet-group",
            "name": "clixx-db-subnet-group",
            "name_prefix": "",
            "subnet_ids": [
              "subnet-0674984273ad088aa",
              "subnet-0f1a39e2d9ea2e573"
            ],
            "supported_network_types": [
              "IPV4"
            ],
            "tags": {
              "CreatedBy": "Terraform",
              "ManagedBy": "Terraform",
              "Name": "clixx-db-subnet-group",
              "Project": "Clixx Retail",
              "Stackteam": "StackCloud13",
              "owner": "richard.claye@gmail.com"
            },
            "tags_all": {
              "CreatedBy": "Terraform",
              "ManagedBy": "Terraform",
              "Name": "clixx-db-subnet-group",
              "Project": "Clixx Retail",
              "Stackteam": "StackCloud13",
              "owner": "richard.claye@gmail.com"
            },
            "vpc_id": "vpc-026a6d22a73033461"
          },
          "sensitive_attributes": [],
          "private": "bnVsbA==",
          "dependencies": [
            "aws_subnet.private_db",
            "aws_vpc.main"
          ]
        }
      ]
    },
    {
      "mode": "managed",
      "type": "aws_efs_file_system",
      "name": "clixx_efs",
      "provider": "provider[\"registry.terraform.io/hashicorp/aws\"]",
      "instances": [
        {
          "schema_version": 0,
          "attributes": {
            "arn": "arn:aws:elasticfilesystem:us-east-1:924305315126:file-system/fs-0a859517ac2bc9619",
            "availability_zone_id": "",
            "availability_zone_name": "",
            "creation_token": "clixx-efs-deploy2",
            "dns_name": "fs-0a859517ac2bc9619.efs.us-east-1.amazonaws.com",
            "encrypted": true,
            "id": "fs-0a859517ac2bc9619",
            "kms_key_id": "arn:aws:kms:us-east-1:924305315126:key/1562a3a7-fa72-4297-936d-c6ccfdff4163",
            "lifecycle_policy": [
              {
                "transition_to_ia": "AFTER_30_DAYS",
                "transition_to_primary_storage_class": ""
              },
              {
                "transition_to_ia": "",
                "transition_to_primary_storage_class": "AFTER_1_ACCESS"
              }
            ],
            "number_of_mount_targets": 2,
            "owner_id": "924305315126",
            "performance_mode": "generalPurpose",
            "provisioned_throughput_in_mibps": 0,
            "size_in_bytes": [
              {
                "value": 270370816,
                "value_in_ia": 0,
                "value_in_standard": 270370816
              }
            ],
            "tags": {
              "CreatedBy": "Terraform",
              "ManagedBy": "Terraform",
              "Name": "clixx-efs",
              "Project": "Clixx Retail",
              "Stackteam": "StackCloud13",
              "owner": "richard.claye@gmail.com"
            },
            "tags_all": {
              "CreatedBy": "Terraform",
              "ManagedBy": "Terraform",
              "Name": "clixx-efs",
              "Project": "Clixx Retail",
              "Stackteam": "StackCloud13",
              "owner": "richard.claye@gmail.com"
            },
            "throughput_mode": "bursting"
          },
          "sensitive_attributes": [],
          "private": "bnVsbA==",
          "dependencies": [
            "aws_security_group.alb_sg",
            "aws_security_group.bastion_sg",
            "aws_security_group.ec2_sg",
            "aws_security_group.efs_sg",
            "aws_vpc.main"
          ]
        }
      ]
    },
    {
      "mode": "managed",
      "type": "aws_efs_mount_target",
      "name": "clixx_mount_target",
      "provider": "provider[\"registry.terraform.io/hashicorp/aws\"]",
      "instances": [
        {
          "index_key": "0",
          "schema_version": 0,
          "attributes": {
            "availability_zone_id": "use1-az6",
            "availability_zone_name": "us-east-1a",
            "dns_name": "fs-0a859517ac2bc9619.efs.us-east-1.amazonaws.com",
            "file_system_arn": "arn:aws:elasticfilesystem:us-east-1:924305315126:file-system/fs-0a859517ac2bc9619",
            "file_system_id": "fs-0a859517ac2bc9619",
            "id": "fsmt-00754e8e318e54db5",
            "ip_address": "10.0.6.199",
            "mount_target_dns_name": "us-east-1a.fs-0a859517ac2bc9619.efs.us-east-1.amazonaws.com",
            "network_interface_id": "eni-01f5e864989a9e6eb",
            "owner_id": "924305315126",
            "security_groups": [
              "sg-0019895b8ad03a05e"
            ],
            "subnet_id": "subnet-03366959dfe4f4a56",
            "timeouts": null
          },
          "sensitive_attributes": [],
          "private": "eyJlMmJmYjczMC1lY2FhLTExZTYtOGY4OC0zNDM2M2JjN2M0YzAiOnsiY3JlYXRlIjoxODAwMDAwMDAwMDAwLCJkZWxldGUiOjYwMDAwMDAwMDAwMH19",
          "dependencies": [
            "aws_efs_file_system.clixx_efs",
            "aws_eip.nat",
            "aws_internet_gateway.igw",
            "aws_nat_gateway.nat_gw",
            "aws_route_table.private_rt",
            "aws_route_table_association.private_app_rta",
            "aws_security_group.alb_sg",
            "aws_security_group.bastion_sg",
            "aws_security_group.ec2_sg",
            "aws_security_group.efs_sg",
            "aws_subnet.private_app",
            "aws_subnet.public",
            "aws_vpc.main"
          ]
        },
        {
          "index_key": "1",
          "schema_version": 0,
          "attributes": {
            "availability_zone_id": "use1-az1",
            "availability_zone_name": "us-east-1b",
            "dns_name": "fs-0a859517ac2bc9619.efs.us-east-1.amazonaws.com",
            "file_system_arn": "arn:aws:elasticfilesystem:us-east-1:924305315126:file-system/fs-0a859517ac2bc9619",
            "file_system_id": "fs-0a859517ac2bc9619",
            "id": "fsmt-0e369841252c1418f",
            "ip_address": "10.0.7.241",
            "mount_target_dns_name": "us-east-1b.fs-0a859517ac2bc9619.efs.us-east-1.amazonaws.com",
            "network_interface_id": "eni-0f981a362eef0ce5f",
            "owner_id": "924305315126",
            "security_groups": [
              "sg-0019895b8ad03a05e"
            ],
            "subnet_id": "subnet-0b1d1a42731d51bb4",
            "timeouts": null
          },
          "sensitive_attributes": [],
          "private": "eyJlMmJmYjczMC1lY2FhLTExZTYtOGY4OC0zNDM2M2JjN2M0YzAiOnsiY3JlYXRlIjoxODAwMDAwMDAwMDAwLCJkZWxldGUiOjYwMDAwMDAwMDAwMH19",
          "dependencies": [
            "aws_efs_file_system.clixx_efs",
            "aws_eip.nat",
            "aws_internet_gateway.igw",
            "aws_nat_gateway.nat_gw",
            "aws_route_table.private_rt",
            "aws_route_table_association.private_app_rta",
            "aws_security_group.alb_sg",
            "aws_security_group.bastion_sg",
            "aws_security_group.ec2_sg",
            "aws_security_group.efs_sg",
            "aws_subnet.private_app",
            "aws_subnet.public",
            "aws_vpc.main"
          ]
        }
      ]
    },
    {
      "mode": "managed",
      "type": "aws_eip",
      "name": "nat",
      "provider": "provider[\"registry.terraform.io/hashicorp/aws\"]",
      "instances": [
        {
          "index_key": 0,
          "schema_version": 0,
          "attributes": {
            "address": null,
            "allocation_id": "eipalloc-0bed61dbc520cfd1c",
            "associate_with_private_ip": null,
            "association_id": "eipassoc-02eaf35d6937e3aee",
            "carrier_ip": "",
            "customer_owned_ip": "",
            "customer_owned_ipv4_pool": "",
            "domain": "vpc",
            "id": "eipalloc-0bed61dbc520cfd1c",
            "instance": "",
            "network_border_group": "us-east-1",
            "network_interface": "eni-02c32f5ab635c7852",
            "private_dns": "ip-10-0-1-57.ec2.internal",
            "private_ip": "10.0.1.57",
            "public_dns": "ec2-34-193-248-194.compute-1.amazonaws.com",
            "public_ip": "34.193.248.194",
            "public_ipv4_pool": "amazon",
            "tags": {
              "Environment": "prod",
              "ManagedBy": "Terraform",
              "Name": "clixx-nat-eip-1",
              "Project": "Clixx Retail"
            },
            "tags_all": {
              "Environment": "prod",
              "ManagedBy": "Terraform",
              "Name": "clixx-nat-eip-1",
              "Project": "Clixx Retail"
            },
            "timeouts": null,
            "vpc": true
          },
          "sensitive_attributes": [],
          "private": "eyJlMmJmYjczMC1lY2FhLTExZTYtOGY4OC0zNDM2M2JjN2M0YzAiOnsiZGVsZXRlIjoxODAwMDAwMDAwMDAsInJlYWQiOjkwMDAwMDAwMDAwMCwidXBkYXRlIjozMDAwMDAwMDAwMDB9fQ==",
          "dependencies": [
            "aws_internet_gateway.igw",
            "aws_vpc.main"
          ]
        },
        {
          "index_key": 1,
          "schema_version": 0,
          "attributes": {
            "address": null,
            "allocation_id": "eipalloc-094fc1bbeca59d844",
            "associate_with_private_ip": null,
            "association_id": "eipassoc-0197c65d8a2e4f5ea",
            "carrier_ip": "",
            "customer_owned_ip": "",
            "customer_owned_ipv4_pool": "",
            "domain": "vpc",
            "id": "eipalloc-094fc1bbeca59d844",
            "instance": "",
            "network_border_group": "us-east-1",
            "network_interface": "eni-0643680d8b53d3535",
            "private_dns": "ip-10-0-2-216.ec2.internal",
            "private_ip": "10.0.2.216",
            "public_dns": "ec2-3-234-163-146.compute-1.amazonaws.com",
            "public_ip": "3.234.163.146",
            "public_ipv4_pool": "amazon",
            "tags": {
              "Environment": "prod",
              "ManagedBy": "Terraform",
              "Name": "clixx-nat-eip-2",
              "Project": "Clixx Retail"
            },
            "tags_all": {
              "Environment": "prod",
              "ManagedBy": "Terraform",
              "Name": "clixx-nat-eip-2",
              "Project": "Clixx Retail"
            },
            "timeouts": null,
            "vpc": true
          },
          "sensitive_attributes": [],
          "private": "eyJlMmJmYjczMC1lY2FhLTExZTYtOGY4OC0zNDM2M2JjN2M0YzAiOnsiZGVsZXRlIjoxODAwMDAwMDAwMDAsInJlYWQiOjkwMDAwMDAwMDAwMCwidXBkYXRlIjozMDAwMDAwMDAwMDB9fQ==",
          "dependencies": [
            "aws_internet_gateway.igw",
            "aws_vpc.main"
          ]
        }
      ]
    },
    {
      "mode": "managed",
      "type": "aws_iam_instance_profile",
      "name": "clixx_instance_profile",
      "provider": "provider[\"registry.terraform.io/hashicorp/aws\"]",
      "instances": [
        {
          "schema_version": 0,
          "attributes": {
            "arn": "arn:aws:iam::924305315126:instance-profile/terr-DeployProfile-rc",
            "create_date": "2025-06-04T00:16:52Z",
            "id": "terr-DeployProfile-rc",
            "name": "terr-DeployProfile-rc",
            "name_prefix": "",
            "path": "/",
            "role": "terraform-DeployRole-clixx",
            "tags": {},
            "tags_all": {},
            "unique_id": "AIPA5ONHD2U3DT6WGXBHU"
          },
          "sensitive_attributes": [],
          "private": "bnVsbA==",
          "dependencies": [
            "aws_iam_role.clixx_deploy_role"
          ]
        }
      ]
    },
    {
      "mode": "managed",
      "type": "aws_iam_role",
      "name": "clixx_deploy_role",
      "provider": "provider[\"registry.terraform.io/hashicorp/aws\"]",
      "instances": [
        {
          "schema_version": 0,
          "attributes": {
            "arn": "arn:aws:iam::924305315126:role/terraform-DeployRole-clixx",
            "assume_role_policy": "{\"Statement\":[{\"Action\":\"sts:AssumeRole\",\"Effect\":\"Allow\",\"Principal\":{\"Service\":\"ec2.amazonaws.com\"}}],\"Version\":\"2012-10-17\"}",
            "create_date": "2025-06-04T00:16:51Z",
            "description": "",
            "force_detach_policies": false,
            "id": "terraform-DeployRole-clixx",
            "inline_policy": [],
            "managed_policy_arns": [
              "arn:aws:iam::924305315126:policy/terraformclixx_Policy"
            ],
            "max_session_duration": 3600,
            "name": "terraform-DeployRole-clixx",
            "name_prefix": "",
            "path": "/",
            "permissions_boundary": null,
            "role_last_used": [
              {
                "last_used_date": "2025-06-04T00:52:02Z",
                "region": "us-east-1"
              }
            ],
            "tags": {
              "CreatedBy": "Terraform",
              "ManagedBy": "Terraform",
              "Name": "terraform-deploy-role",
              "Project": "Clixx Retail",
              "Stackteam": "StackCloud13",
              "owner": "richard.claye@gmail.com"
            },
            "tags_all": {
              "CreatedBy": "Terraform",
              "ManagedBy": "Terraform",
              "Name": "terraform-deploy-role",
              "Project": "Clixx Retail",
              "Stackteam": "StackCloud13",
              "owner": "richard.claye@gmail.com"
            },
            "unique_id": "AROA5ONHD2U3BSNV2QV46"
          },
          "sensitive_attributes": [],
          "private": "bnVsbA=="
        }
      ]
    },
    {
      "mode": "managed",
      "type": "aws_internet_gateway",
      "name": "igw",
      "provider": "provider[\"registry.terraform.io/hashicorp/aws\"]",
      "instances": [
        {
          "schema_version": 0,
          "attributes": {
            "arn": "arn:aws:ec2:us-east-1:924305315126:internet-gateway/igw-091fa7634608d9be6",
            "id": "igw-091fa7634608d9be6",
            "owner_id": "924305315126",
            "tags": {
              "Environment": "prod",
              "ManagedBy": "Terraform",
              "Name": "clixx-igw",
              "Project": "Clixx Retail"
            },
            "tags_all": {
              "Environment": "prod",
              "ManagedBy": "Terraform",
              "Name": "clixx-igw",
              "Project": "Clixx Retail"
            },
            "timeouts": null,
            "vpc_id": "vpc-026a6d22a73033461"
          },
          "sensitive_attributes": [],
          "private": "eyJlMmJmYjczMC1lY2FhLTExZTYtOGY4OC0zNDM2M2JjN2M0YzAiOnsiY3JlYXRlIjoxMjAwMDAwMDAwMDAwLCJkZWxldGUiOjEyMDAwMDAwMDAwMDAsInVwZGF0ZSI6MTIwMDAwMDAwMDAwMH19",
          "dependencies": [
            "aws_vpc.main"
          ]
        }
      ]
    },
    {
      "mode": "managed",
      "type": "aws_launch_template",
      "name": "clixx_app",
      "provider": "provider[\"registry.terraform.io/hashicorp/aws\"]",
      "instances": [
        {
          "schema_version": 0,
          "attributes": {
            "arn": "arn:aws:ec2:us-east-1:924305315126:launch-template/lt-0177a99d22f4e6f41",
            "block_device_mappings": [
              {
                "device_name": "/dev/xvda",
                "ebs": [
                  {
                    "delete_on_termination": "true",
                    "encrypted": "false",
                    "iops": 3000,
                    "kms_key_id": "",
                    "snapshot_id": "",
                    "throughput": 125,
                    "volume_size": 8,
                    "volume_type": "gp3"
                  }
                ],
                "no_device": "",
                "virtual_name": ""
              },
              {
                "device_name": "/dev/sdb",
                "ebs": [
                  {
                    "delete_on_termination": "true",
                    "encrypted": "false",
                    "iops": 3000,
                    "kms_key_id": "",
                    "snapshot_id": "",
                    "throughput": 125,
                    "volume_size": 8,
                    "volume_type": "gp3"
                  }
                ],
                "no_device": "",
                "virtual_name": ""
              },
              {
                "device_name": "/dev/sdc",
                "ebs": [
                  {
                    "delete_on_termination": "true",
                    "encrypted": "false",
                    "iops": 3000,
                    "kms_key_id": "",
                    "snapshot_id": "",
                    "throughput": 125,
                    "volume_size": 8,
                    "volume_type": "gp3"
                  }
                ],
                "no_device": "",
                "virtual_name": ""
              },
              {
                "device_name": "/dev/sdd",
                "ebs": [
                  {
                    "delete_on_termination": "true",
                    "encrypted": "false",
                    "iops": 3000,
                    "kms_key_id": "",
                    "snapshot_id": "",
                    "throughput": 125,
                    "volume_size": 8,
                    "volume_type": "gp3"
                  }
                ],
                "no_device": "",
                "virtual_name": ""
              },
              {
                "device_name": "/dev/sde",
                "ebs": [
                  {
                    "delete_on_termination": "true",
                    "encrypted": "false",
                    "iops": 3000,
                    "kms_key_id": "",
                    "snapshot_id": "",
                    "throughput": 125,
                    "volume_size": 8,
                    "volume_type": "gp3"
                  }
                ],
                "no_device": "",
                "virtual_name": ""
              },
              {
                "device_name": "/dev/sdf",
                "ebs": [
                  {
                    "delete_on_termination": "true",
                    "encrypted": "false",
                    "iops": 3000,
                    "kms_key_id": "",
                    "snapshot_id": "",
                    "throughput": 125,
                    "volume_size": 8,
                    "volume_type": "gp3"
                  }
                ],
                "no_device": "",
                "virtual_name": ""
              }
            ],
            "capacity_reservation_specification": [],
            "cpu_options": [],
            "credit_specification": [],
            "default_version": 1,
            "description": "Launch template for Clixx retail application",
            "disable_api_stop": false,
            "disable_api_termination": false,
            "ebs_optimized": "",
            "elastic_gpu_specifications": [],
            "elastic_inference_accelerator": [],
            "enclave_options": [],
            "hibernation_options": [],
            "iam_instance_profile": [
              {
                "arn": "",
                "name": "terr-DeployProfile-rc"
              }
            ],
            "id": "lt-0177a99d22f4e6f41",
            "image_id": "ami-0e58b56aa4d64231b",
            "instance_initiated_shutdown_behavior": "",
            "instance_market_options": [],
            "instance_requirements": [],
            "instance_type": "t2.micro",
            "kernel_id": "",
            "key_name": "myec2kp_priv",
            "latest_version": 1,
            "license_specification": [],
            "maintenance_options": [],
            "metadata_options": [],
            "monitoring": [
              {
                "enabled": true
              }
            ],
            "name": "clixx-launch-template",
            "name_prefix": "",
            "network_interfaces": [
              {
                "associate_carrier_ip_address": "",
                "associate_public_ip_address": "false",
                "delete_on_termination": "true",
                "description": "",
                "device_index": 0,
                "interface_type": "",
                "ipv4_address_count": 0,
                "ipv4_addresses": [],
                "ipv4_prefix_count": 0,
                "ipv4_prefixes": [],
                "ipv6_address_count": 0,
                "ipv6_addresses": [],
                "ipv6_prefix_count": 0,
                "ipv6_prefixes": [],
                "network_card_index": 0,
                "network_interface_id": "",
                "private_ip_address": "",
                "security_groups": [
                  "sg-022f493b27a04afc7"
                ],
                "subnet_id": ""
              }
            ],
            "placement": [],
            "private_dns_name_options": [],
            "ram_disk_id": "",
            "security_group_names": [],
            "tag_specifications": [],
            "tags": {
              "CreatedBy": "Terraform",
              "ManagedBy": "Terraform",
              "Name": "clixx-launch-template",
              "Project": "Clixx Retail",
              "Stackteam": "StackCloud13",
              "owner": "richard.claye@gmail.com"
            },
            "tags_all": {
              "CreatedBy": "Terraform",
              "ManagedBy": "Terraform",
              "Name": "clixx-launch-template",
              "Project": "Clixx Retail",
              "Stackteam": "StackCloud13",
              "owner": "richard.claye@gmail.com"
            },
            "update_default_version": null,
            "user_data": "IyEvYmluL2Jhc2gKc2V0IC1lCgojIENsaVhYIFJldGFpbCBBcHBsaWNhdGlvbiBkZXBsb3ltZW50IHNjcmlwdAplY2hvICJTdGFydGluZyBDbGlYWCBSZXRhaWwgQXBwbGljYXRpb24gZGVwbG95bWVudC4uLiIKCiMgZW5zdXJlIHdl4oCZcmUgcm9vdApbICIkKGlkIC11KSIgLW5lIDAgXSAmJiBleGVjIHN1ZG8gYmFzaCAiJDAiICIkQCIKCiMgQ29uZmlnIHZhcmlhYmxlcyAoaW5qZWN0ZWQgYnkgVGVycmFmb3JtKQpBV1NfUkVHSU9OPSJ1cy1lYXN0LTEiCk1PVU5UX1BPSU5UPS92YXIvd3d3L2h0bWwKV1BfQ09ORklHX1BBVEg9IiR7TU9VTlRfUE9JTlR9L3dwLWNvbmZpZy5waHAiIAoKIyAtLS0gZmV0Y2ggYWxsIHNldHRpbmdzIGZyb20gU1NNIFBhcmFtZXRlciBTdG9yZSAtLS0KREJfTkFNRT0kKGF3cyBzc20gZ2V0LXBhcmFtZXRlciAtLW5hbWUgIi9jbGl4eC9kYl9uYW1lIiAtLXdpdGgtZGVjcnlwdGlvbiAtLW91dHB1dCB0ZXh0IC0tcXVlcnkgUGFyYW1ldGVyLlZhbHVlIC0tcmVnaW9uICIkQVdTX1JFR0lPTiIpCkRCX1VTRVI9JChhd3Mgc3NtIGdldC1wYXJhbWV0ZXIgLS1uYW1lICIvY2xpeHgvZGJfdXNlciIgLS13aXRoLWRlY3J5cHRpb24gLS1vdXRwdXQgdGV4dCAtLXF1ZXJ5IFBhcmFtZXRlci5WYWx1ZSAtLXJlZ2lvbiAiJEFXU19SRUdJT04iKQpEQl9QQVNTV09SRD0kKGF3cyBzc20gZ2V0LXBhcmFtZXRlciAtLW5hbWUgIi9jbGl4eC9kYl9wYXNzd29yZCIgLS13aXRoLWRlY3J5cHRpb24gLS1vdXRwdXQgdGV4dCAtLXF1ZXJ5IFBhcmFtZXRlci5WYWx1ZSAtLXJlZ2lvbiAiJEFXU19SRUdJT04iKQpGSUxFX1NZU1RFTV9JRD0kKGF3cyBzc20gZ2V0LXBhcmFtZXRlciAtLW5hbWUgIi9jbGl4eC9lZnNfaWQiIC0tb3V0cHV0IHRleHQgLS1xdWVyeSBQYXJhbWV0ZXIuVmFsdWUgLS1yZWdpb24gIiRBV1NfUkVHSU9OIikKTEJfRE5TX05BTUU9JChhd3Mgc3NtIGdldC1wYXJhbWV0ZXIgLS1uYW1lICIvY2xpeHgvbGJfZG5zIiAtLW91dHB1dCB0ZXh0IC0tcXVlcnkgUGFyYW1ldGVyLlZhbHVlIC0tcmVnaW9uICIkQVdTX1JFR0lPTiIpCkhPU1RFRF9aT05FX1JFQ09SRF9OQU1FPSQoYXdzIHNzbSBnZXQtcGFyYW1ldGVyIC0tbmFtZSAiL2NsaXh4L2hvc3RlZF96b25lX3JlY29yZCIgLS1vdXRwdXQgdGV4dCAtLXF1ZXJ5IFBhcmFtZXRlci5WYWx1ZSAtLXJlZ2lvbiAiJEFXU19SRUdJT04iKQpXUF9BRE1JTl9VU0VSPSQoYXdzIHNzbSBnZXQtcGFyYW1ldGVyIC0tbmFtZSAiL2NsaXh4L3dwX2FkbWluX3VzZXIiIC0td2l0aC1kZWNyeXB0aW9uIC0tb3V0cHV0IHRleHQgLS1xdWVyeSBQYXJhbWV0ZXIuVmFsdWUgLS1yZWdpb24gIiRBV1NfUkVHSU9OIikKV1BfQURNSU5fUEFTU1dPUkQ9JChhd3Mgc3NtIGdldC1wYXJhbWV0ZXIgLS1uYW1lICIvY2xpeHgvd3BfYWRtaW5fcGFzc3dvcmQiIC0td2l0aC1kZWNyeXB0aW9uIC0tb3V0cHV0IHRleHQgLS1xdWVyeSBQYXJhbWV0ZXIuVmFsdWUgLS1yZWdpb24gIiRBV1NfUkVHSU9OIikKV1BfQURNSU5fRU1BSUw9JChhd3Mgc3NtIGdldC1wYXJhbWV0ZXIgLS1uYW1lICIvY2xpeHgvd3BfYWRtaW5fZW1haWwiIC0tb3V0cHV0IHRleHQgLS1xdWVyeSBQYXJhbWV0ZXIuVmFsdWUgLS1yZWdpb24gIiRBV1NfUkVHSU9OIikKCiMgLS0tIGZldGNoIFJEUyBlbmRwb2ludCBmcm9tIFNTTSBhbmQgbWFwIHRvIERCX0hPU1QgLS0tClJEU19FTkRQT0lOVD0kKGF3cyBzc20gZ2V0LXBhcmFtZXRlciBcCiAgLS1uYW1lICIvY2xpeHgvUkRTX0VORFBPSU5UIiBcCiAgLS1vdXRwdXQgdGV4dCAtLXF1ZXJ5IFBhcmFtZXRlci5WYWx1ZSBcCiAgLS1yZWdpb24gIiRBV1NfUkVHSU9OIikKREJfSE9TVD0iJFJEU19FTkRQT0lOVCIKCiMgRnVuY3Rpb24gdG8gc2V0IHVwIEVCUyB2b2x1bWVzIHdpdGggTFZNCnNldHVwX2Vic192b2x1bWVzKCkgewogICAgIyBDaGVjayBpZiBMVk0gdG9vbHMgYXJlIGF2YWlsYWJsZSwgaW5zdGFsbCBpZiBtaXNzaW5nCiAgICB5dW0gaW5zdGFsbCAteSBsdm0yIHx8IHsgZWNobyAiV2FybmluZzogQ291bGQgbm90IGluc3RhbGwgbHZtMiwgYnV0IGNvbnRpbnVpbmcgYW55d2F5IjsgfQogICAgCiAgICAjIE5vLWZhaWwgY2hlY2sgLSBpZiBMVk0gYWxyZWFkeSBleGlzdHMsIGNvbnRpbnVlCiAgICBsdnMgfCBncmVwIC1xICJzdGFja192ZyIgJiYgeyBlY2hvICJMVk0gYWxyZWFkeSBleGlzdHMuIFNraXBwaW5nLiI7IHJldHVybiAwOyB9CiAgICAKICAgICMgTm8tZmFpbCBjaGVjayAtIFZlcmlmeSBhbnkgZGlza3MgZXhpc3QgYmVmb3JlIHByb2NlZWRpbmcKICAgIERJU0tTPShzZGIgc2RjIHNkZCBzZGUgc2RmKQogICAgRElTS1NfRk9VTkQ9MAogICAgCiAgICBmb3IgZGlzayBpbiAiJHtESVNLU1tAXX0iOyBkbwogICAgICAgIFsgLWUgIi9kZXYvJGRpc2siIF0gJiYgRElTS1NfRk9VTkQ9MQogICAgZG9uZQogICAgCiAgICAjIElmIG5vIGRpc2tzIGZvdW5kLCBsb2cgYW5kIHJldHVybiBzdWNjZXNzIGFueXdheQogICAgaWYgWyAkRElTS1NfRk9VTkQgLWVxIDAgXTsgdGhlbgogICAgICAgIGVjaG8gIk5vIEVCUyB2b2x1bWVzIGZvdW5kIHRvIGNvbmZpZ3VyZSBmb3IgTFZNLiBDb250aW51aW5nIGRlcGxveW1lbnQgd2l0aG91dCBFQlMgc3RvcmFnZS4iCiAgICAgICAgcmV0dXJuIDAKICAgIGZpCiAgICAKICAgICMgQ3JlYXRlIHBhcnRpdGlvbnMgb24gZGlza3MKICAgIGZvciBkaXNrIGluICIke0RJU0tTW0BdfSI7IGRvCiAgICAgICAgWyAtZSAiL2Rldi8kZGlzayIgXSAmJiAhIFsgLWUgIi9kZXYvJHtkaXNrfTEiIF0gJiYgewogICAgICAgICAgICBlY2hvIC1lICJuXG5wXG4xXG5cblxudyIgfCBmZGlzayAiL2Rldi8kZGlzayIgfHwgZWNobyAiV2FybmluZzogUGFydGl0aW9uaW5nIC9kZXYvJGRpc2sgZmFpbGVkLCBidXQgY29udGludWluZyIKICAgICAgICAgICAgc2xlZXAgMgogICAgICAgIH0KICAgIGRvbmUKICAgIAogICAgIyBDcmVhdGUgcGh5c2ljYWwgdm9sdW1lcyAtIHdpdGggbm8tZmFpbCBvcHRpb24KICAgIGZvciBkaXNrIGluICIke0RJU0tTW0BdfSI7IGRvCiAgICAgICAgWyAtZSAiL2Rldi8ke2Rpc2t9MSIgXSAmJiBwdmNyZWF0ZSAiL2Rldi8ke2Rpc2t9MSIgMj4vZGV2L251bGwgfHwgdHJ1ZQogICAgZG9uZQogICAgCiAgICAjIENyZWF0ZSB2b2x1bWUgZ3JvdXAgLSB3aXRoIG5vLWZhaWwgY2hlY2tpbmcKICAgIGlmICEgdmdzIHwgZ3JlcCAtcSAic3RhY2tfdmciOyB0aGVuCiAgICAgICAgRElTS19QQVJUUz0iIgogICAgICAgIGZvciBkaXNrIGluICIke0RJU0tTW0BdfSI7IGRvCiAgICAgICAgICAgIFsgLWUgIi9kZXYvJHtkaXNrfTEiIF0gJiYgRElTS19QQVJUUys9Ii9kZXYvJHtkaXNrfTEgIgogICAgICAgIGRvbmUKICAgICAgICAKICAgICAgICBpZiBbIC1uICIkRElTS19QQVJUUyIgXTsgdGhlbgogICAgICAgICAgICB2Z2NyZWF0ZSBzdGFja192ZyAkRElTS19QQVJUUyB8fCB7IAogICAgICAgICAgICAgICAgZWNobyAiV2FybmluZzogVm9sdW1lIGdyb3VwIGNyZWF0aW9uIGZhaWxlZCwgYnV0IGNvbnRpbnVpbmcgZGVwbG95bWVudCIgCiAgICAgICAgICAgICAgICByZXR1cm4gMAogICAgICAgICAgICB9CiAgICAgICAgZWxzZQogICAgICAgICAgICBlY2hvICJObyBwYXJ0aXRpb25zIGF2YWlsYWJsZSBmb3Igdm9sdW1lIGdyb3VwLiBDb250aW51aW5nIHdpdGhvdXQgTFZNLiIKICAgICAgICAgICAgcmV0dXJuIDAKICAgICAgICBmaQogICAgZmkKICAgIAogICAgIyBDaGVjayBpZiB2b2x1bWUgZ3JvdXAgZXhpc3RzIGJlZm9yZSBhdHRlbXB0aW5nIHRvIGNyZWF0ZSBsb2dpY2FsIHZvbHVtZXMKICAgIGlmICEgdmdzIHwgZ3JlcCAtcSAic3RhY2tfdmciOyB0aGVuCiAgICAgICAgZWNobyAiVm9sdW1lIGdyb3VwIGRvZXMgbm90IGV4aXN0LiBDb250aW51aW5nIHdpdGhvdXQgbG9naWNhbCB2b2x1bWVzLiIKICAgICAgICByZXR1cm4gMAogICAgZmkKICAgIAogICAgIyBDcmVhdGUgYW5kIGZvcm1hdCBsb2dpY2FsIHZvbHVtZXMgLSB3aXRoIG5vLWZhaWwgY29uZGl0aW9ucwogICAgIyBVc2luZyBpbmRpdmlkdWFsIHZhcmlhYmxlcyBpbnN0ZWFkIG9mIGFzc29jaWF0aXZlIGFycmF5IAogICAgTFZfTkFNRVM9KCJMdl91MDEiICJMdl91MDIiICJMdl91MDMiICJMdl91MDQiKQogICAgTFZfU0laRVM9KCI4IiAiNSIgIjUiICI1IikKICAgIAogICAgZm9yIGkgaW4gezAuLjN9OyBkbwogICAgICAgIGx2X25hbWU9IiR7TFZfTkFNRVNbJGldfSIKICAgICAgICBsdl9zaXplPSIke0xWX1NJWkVTWyRpXX0iCiAgICAgICAgCiAgICAgICAgaWYgISBsdnMgfCBncmVwIC1xICIkbHZfbmFtZSI7IHRoZW4KICAgICAgICAgICAgbHZjcmVhdGUgLUwgJHtsdl9zaXplfUcgLW4gIiRsdl9uYW1lIiBzdGFja192ZyB8fCB7CiAgICAgICAgICAgICAgICBlY2hvICJXYXJuaW5nOiBGYWlsZWQgdG8gY3JlYXRlIGxvZ2ljYWwgdm9sdW1lICRsdl9uYW1lLCBidXQgY29udGludWluZyIKICAgICAgICAgICAgICAgIGNvbnRpbnVlCiAgICAgICAgICAgIH0KICAgICAgICAgICAgbWtmcy5leHQ0ICIvZGV2L3N0YWNrX3ZnLyRsdl9uYW1lIiAyPi9kZXYvbnVsbCB8fCBlY2hvICJXYXJuaW5nOiBGYWlsZWQgdG8gZm9ybWF0ICRsdl9uYW1lLCBidXQgY29udGludWluZyIKICAgICAgICBmaQogICAgICAgIAogICAgICAgICMgTW91bnQgZGlyZWN0b3JpZXMgLSB3aXRoIG5vLWZhaWwgY29uZGl0aW9ucwogICAgICAgIG1vdW50X3BvaW50PSIvJHtsdl9uYW1lI0x2X30iCiAgICAgICAgbHZfcGF0aD0iL2Rldi9zdGFja192Zy8kbHZfbmFtZSIKICAgICAgICBta2RpciAtcCAiJG1vdW50X3BvaW50IiB8fCBlY2hvICJXYXJuaW5nOiBGYWlsZWQgdG8gY3JlYXRlIG1vdW50cG9pbnQgJG1vdW50X3BvaW50LCBidXQgY29udGludWluZyIKICAgICAgICAKICAgICAgICAjIE9ubHkgYXR0ZW1wdCB0byBtb3VudCBpZiBsb2dpY2FsIHZvbHVtZSBleGlzdHMKICAgICAgICBpZiBbIC1lICIkbHZfcGF0aCIgXTsgdGhlbgogICAgICAgICAgICBtb3VudCB8IGdyZXAgLXEgIiRtb3VudF9wb2ludCIgfHwgbW91bnQgIiRsdl9wYXRoIiAiJG1vdW50X3BvaW50IiB8fCBlY2hvICJXYXJuaW5nOiBGYWlsZWQgdG8gbW91bnQgJGx2X3BhdGgsIGJ1dCBjb250aW51aW5nIgogICAgICAgICAgICBncmVwIC1xICIkbHZfcGF0aCIgL2V0Yy9mc3RhYiB8fCBlY2hvICIkbHZfcGF0aCAkbW91bnRfcG9pbnQgZXh0NCBkZWZhdWx0cyAwIDIiID4+IC9ldGMvZnN0YWIKICAgICAgICBlbHNlCiAgICAgICAgICAgIGVjaG8gIkxvZ2ljYWwgdm9sdW1lICRsdl9wYXRoIGRvZXMgbm90IGV4aXN0LiBTa2lwcGluZyBtb3VudC4iCiAgICAgICAgZmkKICAgIGRvbmUKICAgIAogICAgZWNobyAiRUJTIHZvbHVtZSBzZXR1cCBjb21wbGV0ZWQgd2l0aCBuby1mYWlsIHBvbGljeSAtIGRlcGxveW1lbnQgd2lsbCBjb250aW51ZSByZWdhcmRsZXNzIG9mIEVCUyBzdGF0dXMiCn0KCiMgSW5zdGFsbCBwYWNrYWdlcwp5dW0gdXBkYXRlIC15CmFtYXpvbi1saW51eC1leHRyYXMgaW5zdGFsbCAteSBsYW1wLW1hcmlhZGIxMC4yLXBocDcuMiBwaHA3LjIKeXVtIGluc3RhbGwgLXkgaHR0cGQgbWFyaWFkYi1zZXJ2ZXIgcGhwLW15c3FsbmQgZ2l0IG5mcy11dGlscyAKCiMgU2V0IHVwIEVCUyB2b2x1bWVzCnNldHVwX2Vic192b2x1bWVzCgojIFN0YXJ0IEFwYWNoZQpzeXN0ZW1jdGwgc3RhcnQgaHR0cGQKc3lzdGVtY3RsIGVuYWJsZSBodHRwZAoKIyBJbnN0YWxsIFdvcmRQcmVzcyBDTEkKZWNobyAiSW5zdGFsbGluZyBXUC1DTEkuLi4iCmNkIC90bXAKY3VybCAtTyBodHRwczovL3Jhdy5naXRodWJ1c2VyY29udGVudC5jb20vd3AtY2xpL2J1aWxkcy9naC1wYWdlcy9waGFyL3dwLWNsaS5waGFyCmNobW9kICt4IHdwLWNsaS5waGFyCm12IHdwLWNsaS5waGFyIC91c3IvbG9jYWwvYmluL3dwCgojIFZlcmlmeSBXUC1DTEkgaW5zdGFsbGF0aW9uCmVjaG8gIlZlcmlmeWluZyBXUC1DTEkgaW5zdGFsbGF0aW9uLi4uIgppZiAhIHdwIC0taW5mbyA+IC9kZXYvbnVsbCAyPiYxOyB0aGVuCiAgICBlY2hvICJXUC1DTEkgaW5zdGFsbGF0aW9uIGZhaWxlZC4gVHJ5aW5nIHdpdGggZnVsbCBwYXRoLi4uIgogICAgaWYgISAvdXNyL2xvY2FsL2Jpbi93cCAtLWluZm8gPiAvZGV2L251bGwgMj4mMTsgdGhlbgogICAgICAgIGVjaG8gIkVSUk9SOiBXUC1DTEkgaW5zdGFsbGF0aW9uIHZlcmlmaWNhdGlvbiBmYWlsZWQuIFRoaXMgbWF5IGNhdXNlIFdvcmRQcmVzcyBzZXR1cCB0byBmYWlsLiIKICAgIGZpCmZpCgojIFNldCB1cCBXUC1DTEkgZm9yIEFwYWNoZSB1c2VyCmVjaG8gIlNldHRpbmcgdXAgV1AtQ0xJIGZvciBBcGFjaGUgdXNlci4uLiIKbWtkaXIgLXAgL3Zhci93d3cvLndwLWNsaS9jYWNoZQpjaG93biAtUiBhcGFjaGU6YXBhY2hlIC92YXIvd3d3Ly53cC1jbGkKY2htb2QgLVIgNzU1IC92YXIvd3d3Ly53cC1jbGkKCmVjaG8gIlZlcmlmeWluZyBXb3JkUHJlc3MgQ0xJIGFzIGFwYWNoZSB1c2VyICh1c2luZyBNT1VOVF9QT0lOVDogJHtNT1VOVF9QT0lOVH0pLi4uIgpzdWRvIC11IGFwYWNoZSAvdXNyL2xvY2FsL2Jpbi93cCAtLWluZm8gfHwgZWNobyAiV2FybmluZzogV1AtQ0xJIGJhc2ljIGluZm8gY2hlY2sgYXMgYXBhY2hlIHVzZXIgZmFpbGVkLiIKCiMgU2V0IHVwIGRpcmVjdG9yaWVzCm1rZGlyIC1wICR7TU9VTlRfUE9JTlR9CnVzZXJtb2QgLWEgLUcgYXBhY2hlIGVjMi11c2VyCmNob3duIC1SIGVjMi11c2VyOmFwYWNoZSAvdmFyL3d3dwpjaG1vZCAyNzc1IC92YXIvd3d3CmZpbmQgL3Zhci93d3cgLXR5cGUgZCAtZXhlYyBjaG1vZCAyNzc1IHt9IFw7IDI+L2Rldi9udWxsIHx8IHRydWUKZmluZCAvdmFyL3d3dyAtdHlwZSBmIC1leGVjIGNobW9kIDA2NjQge30gXDsgMj4vZGV2L251bGwgfHwgdHJ1ZQoKIyBCYWNrIHVwIGFuZCB1bm1vdW50IGlmIG5lZWRlZApbIC1kICIke01PVU5UX1BPSU5UfSIgXSAmJiBbICIkKGxzIC1BICR7TU9VTlRfUE9JTlR9KSIgXSAmJiB7CiAgICBCQUNLVVBfRElSPSIvdG1wL2NsaXh4X2JhY2t1cF8kKGRhdGUgKyVZJW0lZCVIJU0lUykiCiAgICBta2RpciAtcCAke0JBQ0tVUF9ESVJ9CiAgICBjcCAtciAke01PVU5UX1BPSU5UfS8qICR7QkFDS1VQX0RJUn0vIDI+L2Rldi9udWxsIHx8IHRydWUKfQp1bW91bnQgJHtNT1VOVF9QT0lOVH0gMj4vZGV2L251bGwgfHwgdHJ1ZQoKIyBNb3VudCBFRlMKbW91bnQgLXQgbmZzNCAke0ZJTEVfU1lTVEVNX0lEfS5lZnMuJHtBV1NfUkVHSU9OfS5hbWF6b25hd3MuY29tOi8gJHtNT1VOVF9QT0lOVH0KCiMgUmVwbGFjZSB3aXRoIG1vcmUgcm9idXN0IG1vdW50aW5nIGxvZ2ljIHdpdGggcmV0cnkgbWVjaGFuaXNtCm1vdW50IC10IG5mczQgJHtGSUxFX1NZU1RFTV9JRH0uZWZzLiR7QVdTX1JFR0lPTn0uYW1hem9uYXdzLmNvbTovICR7TU9VTlRfUE9JTlR9IHx8IHsKICBlY2hvICJJbml0aWFsIEVGUyBtb3VudCBhdHRlbXB0IGZhaWxlZCwgd2FpdGluZyBhbmQgdHJ5aW5nIGFnYWluLi4uIgogIAogICMgQ3JlYXRlIGEgZnVuY3Rpb24gZm9yIG1vdW50IGF0dGVtcHRzIHdpdGggZGVidWdnaW5nCiAgYXR0ZW1wdF9tb3VudCgpIHsKICAgIGVjaG8gIkNoZWNraW5nIG5ldHdvcmsgY29ubmVjdGl2aXR5IHRvIEVGUyBlbmRwb2ludC4uLiIKICAgIHBpbmcgLWMgMyAke0ZJTEVfU1lTVEVNX0lEfS5lZnMuJHtBV1NfUkVHSU9OfS5hbWF6b25hd3MuY29tIHx8IGVjaG8gIkNhbm5vdCBwaW5nIEVGUyBlbmRwb2ludCAtIHRoaXMgaXMgbm9ybWFsIGlmIElDTVAgaXMgYmxvY2tlZCIKICAgIAogICAgZWNobyAiQ2hlY2tpbmcgZm9yIHBvcnQgMjA0OSBjb25uZWN0aXZpdHkuLi4iCiAgICBuYyAtenYgJHtGSUxFX1NZU1RFTV9JRH0uZWZzLiR7QVdTX1JFR0lPTn0uYW1hem9uYXdzLmNvbSAyMDQ5IHx8IGVjaG8gIlBvcnQgY2hlY2sgZmFpbGVkIgogICAgCiAgICBlY2hvICJBdHRlbXB0aW5nIEVGUyBtb3VudCB3aXRoIHZlcmJvc2Ugb3V0cHV0Li4uIgogICAgbW91bnQgLXYgLXQgbmZzNCAke0ZJTEVfU1lTVEVNX0lEfS5lZnMuJHtBV1NfUkVHSU9OfS5hbWF6b25hd3MuY29tOi8gJHtNT1VOVF9QT0lOVH0KICAgIHJldHVybiAkPwogIH0KICAKICAjIFRyeSBzZXZlcmFsIHRpbWVzIHdpdGggaW5jcmVhc2luZyBkZWxheXMKICBmb3IgcmV0cnkgaW4gMSAyIDMgNCA1OyBkbwogICAgZWNobyAiTW91bnQgYXR0ZW1wdCAkcmV0cnkuLi4iCiAgICBzbGVlcCAkKChyZXRyeSAqIDEwKSkKICAgIGF0dGVtcHRfbW91bnQgJiYgewogICAgICBlY2hvICJNb3VudCBzdWNjZXNzZnVsIG9uIGF0dGVtcHQgJHJldHJ5ISIKICAgICAgYnJlYWsKICAgIH0KICAgIAogICAgaWYgWyAkcmV0cnkgLWVxIDUgXTsgdGhlbgogICAgICBlY2hvICJBbGwgbW91bnQgYXR0ZW1wdHMgZmFpbGVkLiBDcmVhdGluZyBhIGxvY2FsIGRpcmVjdG9yeSBmb3IgYXBwbGljYXRpb24gZnVuY3Rpb25hbGl0eS4uLiIKICAgICAgbWtkaXIgLXAgJHtNT1VOVF9QT0lOVH0KICAgICAgY2hvd24gLVIgYXBhY2hlOmFwYWNoZSAke01PVU5UX1BPSU5UfSAyPi9kZXYvbnVsbCB8fCB0cnVlCiAgICAgIGVjaG8gIkVGUyBtb3VudCBmYWlsdXJlIC0gY29udGludWluZyB3aXRoIGxvY2FsIHN0b3JhZ2UuIENoZWNrIHNlY3VyaXR5IGdyb3Vwcywgcm91dGVzLCBhbmQgSUFNIHBlcm1pc3Npb25zLiIKICAgIGZpCiAgZG9uZQp9CgojIFVwZGF0ZSBmc3RhYiBtb3JlIHNhZmVseQpncmVwIC12ICIke0ZJTEVfU1lTVEVNX0lEfSIgL2V0Yy9mc3RhYiA+IC9ldGMvZnN0YWIudG1wIDI+L2Rldi9udWxsIHx8IHRydWUKbXYgL2V0Yy9mc3RhYi50bXAgL2V0Yy9mc3RhYiAyPi9kZXYvbnVsbCB8fCB0cnVlCmVjaG8gIiR7RklMRV9TWVNURU1fSUR9LmVmcy4ke0FXU19SRUdJT059LmFtYXpvbmF3cy5jb206LyAke01PVU5UX1BPSU5UfSBuZnM0IG5mc3ZlcnM9NC4xLHJzaXplPTEwNDg1NzYsd3NpemU9MTA0ODU3NixoYXJkLHRpbWVvPTYwMCxyZXRyYW5zPTIsbm9yZXN2cG9ydCAwIDAiID4+IC9ldGMvZnN0YWIKCiMgSW1wcm92ZWQgdmVyaWZpY2F0aW9uCmlmIGRmIC1oIHwgZ3JlcCAtcSAiJHtGSUxFX1NZU1RFTV9JRH0iOyB0aGVuCiAgZWNobyAiRUZTIG1vdW50IHN1Y2Nlc3NmdWwhIgplbHNlCiAgZWNobyAiV0FSTklORzogRUZTIG1vdW50IHZlcmlmaWNhdGlvbiBmYWlsZWQsIGJ1dCBjb250aW51aW5nIHRoZSBkZXBsb3ltZW50IHVzaW5nIGxvY2FsIHN0b3JhZ2UiCmZpCgojIENsb25lIHJlcG9zaXRvcnkKZ2l0IGNsb25lIGh0dHBzOi8vZ2l0aHViLmNvbS9zdGFja2l0Z2l0L0NsaVhYX1JldGFpbF9SZXBvc2l0b3J5LmdpdCAvdG1wL2NsaXh4X3JlcG8KY3AgLXIgL3RtcC9jbGl4eF9yZXBvLyogJHtNT1VOVF9QT0lOVH0vCmNwIC1yIC90bXAvY2xpeHhfcmVwby8uKiAke01PVU5UX1BPSU5UfS8gMj4vZGV2L251bGwgfHwgdHJ1ZQpybSAtcmYgL3RtcC9jbGl4eF9yZXBvCgojIFNldCBwZXJtaXNzaW9ucwppZiBpZCBhcGFjaGUgJj4vZGV2L251bGw7IHRoZW4KICAgIGNob3duIC1SIGFwYWNoZTphcGFjaGUgJHtNT1VOVF9QT0lOVH0gMj4vZGV2L251bGwgfHwgdHJ1ZQogICAgZmluZCAke01PVU5UX1BPSU5UfSAtdHlwZSBkIC1leGVjIGNobW9kIDI3NzUge30gXDsgMj4vZGV2L251bGwgfHwgdHJ1ZQogICAgZmluZCAke01PVU5UX1BPSU5UfSAtdHlwZSBmIC1leGVjIGNobW9kIDA2NjQge30gXDsgMj4vZGV2L251bGwgfHwgdHJ1ZQplbHNlCiAgICBjaG93biAtUiBlYzItdXNlcjplYzItdXNlciAke01PVU5UX1BPSU5UfSAyPi9kZXYvbnVsbCB8fCB0cnVlCmZpCgojIENvbmZpZ3VyZSBBcGFjaGUKc2VkIC1pICdzL0FsbG93T3ZlcnJpZGUgTm9uZS9BbGxvd092ZXJyaWRlIEFsbC9nJyAvZXRjL2h0dHBkL2NvbmYvaHR0cGQuY29uZgpybSAtZiAvZXRjL2h0dHBkL2NvbmYuZC93ZWxjb21lLmNvbmYKL3NiaW4vc3lzY3RsIC13IG5ldC5pcHY0LnRjcF9rZWVwYWxpdmVfdGltZT0yMDAgbmV0LmlwdjQudGNwX2tlZXBhbGl2ZV9pbnR2bD0yMDAgbmV0LmlwdjQudGNwX2tlZXBhbGl2ZV9wcm9iZXM9NQoKIyBVcGRhdGUgd3AtY29uZmlnLnBocCB3aXRoIGRhdGFiYXNlIGNyZWRlbnRpYWxzCmlmIFsgLWYgIiRXUF9DT05GSUdfUEFUSCIgXTsgdGhlbgogICAgc2VkIC1pICJzL2RlZmluZSggKidEQl9OQU1FJywgKidbXiddKicgKik7L2RlZmluZSgnREJfTkFNRScsICckREJfTkFNRScpOy8iICIkV1BfQ09ORklHX1BBVEgiCiAgICBzZWQgLWkgInMvZGVmaW5lKCAqJ0RCX1VTRVInLCAqJ1teJ10qJyAqKTsvZGVmaW5lKCdEQl9VU0VSJywgJyREQl9VU0VSJyk7LyIgIiRXUF9DT05GSUdfUEFUSCIKICAgIHNlZCAtaSAicy9kZWZpbmUoIConREJfUEFTU1dPUkQnLCAqJ1teJ10qJyAqKTsvZGVmaW5lKCdEQl9QQVNTV09SRCcsICckREJfUEFTU1dPUkQnKTsvIiAiJFdQX0NPTkZJR19QQVRIIgogICAgc2VkIC1pICJzL2RlZmluZSggKidEQl9IT1NUJywgKidbXiddKicgKik7L2RlZmluZSgnREJfSE9TVCcsICckREJfSE9TVCcpOy8iICIkV1BfQ09ORklHX1BBVEgiCgogICAgIyBBZGQgSFRUUFMgc2V0dGluZ3MgZm9yIEFMQi9MQiBlbnZpcm9ubWVudCBpZiBub3QgYWxyZWFkeSBwcmVzZW50CiAgICBpZiAhIGdyZXAgLXEgIkZPUkNFX1NTTF9BRE1JTiIgIiRXUF9DT05GSUdfUEFUSCI7IHRoZW4KICAgICAgICBzZWQgLWkgIi9cL1wqIFRoYXQncyBhbGwsIHN0b3AgZWRpdGluZyEgSGFwcHkgcHVibGlzaGluZy4gXCpcLy9pIGRlZmluZSgnRk9SQ0VfU1NMX0FETUlOJywgdHJ1ZSk7XG5kZWZpbmUoJ0ZPUkNFX1NTTF9MT0dJTicsIHRydWUpO1xuaWYgKGlzc2V0KFwkX1NFUlZFUlsnSFRUUF9YX0ZPUldBUkRFRF9QUk9UTyddKSBcJlwmIFwkX1NFUlZFUlsnSFRUUF9YX0ZPUldBUkRFRF9QUk9UTyddID09PSAnaHR0cHMnKSB7XG4gICAgXCRfU0VSVkVSWydIVFRQUyddID0gJ29uJztcbn1cbiIgIiRXUF9DT05GSUdfUEFUSCIKICAgIGZpCmZpCgojIENyZWF0ZSBoZWFsdGggY2hlY2sgZmlsZSBmb3IgQUxCCmNhdCA+ICR7TU9VTlRfUE9JTlR9L2hlYWx0aC5waHAgPDwgJ0hFQUxUSCcKPD9waHAKLy8gU2ltcGxlIGhlYWx0aCBjaGVjayBmaWxlIHRoYXQgcmV0dXJucyAyMDAgT0sKaGVhZGVyKCJDb250ZW50LVR5cGU6IHRleHQvcGxhaW4iKTsKZWNobyAiT0siOwo/PgpIRUFMVEgKCiMgU2V0IG93bmVyc2hpcCBvZiB0aGUgaGVhbHRoIGNoZWNrIGZpbGUKY2hvd24gYXBhY2hlOmFwYWNoZSAke01PVU5UX1BPSU5UfS9oZWFsdGgucGhwCmNobW9kIDY0NCAke01PVU5UX1BPSU5UfS9oZWFsdGgucGhwCgojIFVwZGF0ZSBXb3JkUHJlc3MgVVJMcyBpbiBkYXRhYmFzZQojIEdldCBwcml2YXRlIElQIChmb3IgbG9nZ2luZyBwdXJwb3NlcyBvbmx5KQpQUklWQVRFX0lQPSQoY3VybCAtcyBodHRwOi8vMTY5LjI1NC4xNjkuMjU0L2xhdGVzdC9tZXRhLWRhdGEvbG9jYWwtaXB2NCkKCiMgV2UnbGwgdXNlIE15U1FMIGRpcmVjdGx5IGluc3RlYWQgb2YgV1AtQ0xJIHRvIHNldCBzaXRlIFVSTHMKZWNobyAiVXBkYXRpbmcgV29yZFByZXNzIHNpdGUgVVJMcyB1c2luZyBNeVNRTC4uLiIKCmVjaG8gIkF0dGVtcHRpbmcgdG8gY29ubmVjdCB0byBkYXRhYmFzZS4uLiIKaWYgbXlzcWwgLWggIiREQl9IT1NUIiAtdSAiJERCX1VTRVIiIC1wIiREQl9QQVNTV09SRCIgIiREQl9OQU1FIiAtZSAiU0VMRUNUIDEiICY+IC9kZXYvbnVsbDsgdGhlbgogICAgZWNobyAiU3VjY2Vzc2Z1bGx5IGNvbm5lY3RlZCB0byBkYXRhYmFzZSAkREJfTkFNRSBvbiAkREJfSE9TVC4iCiAgICAKICAgICMgVXBkYXRlIFdvcmRQcmVzcyBVUkxzIGRpcmVjdGx5IGluIHRoZSBkYXRhYmFzZSB1c2luZyB0aGUgQUxCIEROUyBuYW1lCiAgICBlY2hvICJVcGRhdGluZyBXb3JkUHJlc3MgVVJMcyB0byB1c2UgQUxCIEROUzogJExCX0ROU19OQU1FIgogICAgbXlzcWwgLWggIiREQl9IT1NUIiAtdSAiJERCX1VTRVIiIC1wIiREQl9QQVNTV09SRCIgIiREQl9OQU1FIiA8PEVPRgpVU0UgJERCX05BTUU7Ci0tIFVwZGF0ZSBzaXRlIFVSTCAKVVBEQVRFIHdwX29wdGlvbnMgU0VUIG9wdGlvbl92YWx1ZSA9ICJodHRwczovL2NsaXh4LnN0YWNrLWNsYXllLmNvbSIgV0hFUkUgb3B0aW9uX3ZhbHVlIExJS0UgJyVFTEIlJzsKLS0gUHJpbnQgVVJMUyAKU0VMRUNUIG9wdGlvbl9uYW1lLCBvcHRpb25fdmFsdWUgRlJPTSB3cF9vcHRpb25zIFdIRVJFIG9wdGlvbl9uYW1lIExJS0UgJyVodHRwJSc7CkVPRgogICAgZWNobyAiV29yZFByZXNzIFVSTHMgdXBkYXRlZCBzdWNjZXNzZnVsbHkgaW4gZGF0YWJhc2UuIgplbHNlCiAgICBlY2hvICJDb3VsZCBub3QgY29ubmVjdCB0byBkYXRhYmFzZSAkREJfTkFNRSBvbiAkREJfSE9TVC4gQ2hlY2sgY3JlZGVudGlhbHMsIFJEUyBzZWN1cml0eSBncm91cCwgYW5kIEVDMiBpbnN0YW5jZSBvdXRib3VuZCBydWxlcy4iCiAgICBlY2hvICJEQl9IT1NUOiAkREJfSE9TVCwgREJfVVNFUjogJERCX1VTRVIsIERCX05BTUU6ICREQl9OQU1FIgpmaQoKIyBSZXN0YXJ0IEFwYWNoZQpzeXN0ZW1jdGwgcmVzdGFydCBodHRwZCB8fCAoeXVtIGluc3RhbGwgLXkgaHR0cGQgJiYgc3lzdGVtY3RsIHN0YXJ0IGh0dHBkICYmIHN5c3RlbWN0bCBlbmFibGUgaHR0cGQpCgojIFZlcmlmeSBXb3JkUHJlc3MgaW5zdGFsbGF0aW9uCmlmIFsgISAtZiAiJHtNT1VOVF9QT0lOVH0vd3AtY29uZmlnLnBocCIgXTsgdGhlbgogICAgZ2l0IGNsb25lIGh0dHBzOi8vZ2l0aHViLmNvbS9zdGFja2l0Z2l0L0NsaVhYX1JldGFpbF9SZXBvc2l0b3J5LmdpdCAvdG1wL2NsaXh4X3JlY292ZXJ5CiAgICBbIC1kICIvdG1wL2NsaXh4X3JlY292ZXJ5IiBdICYmIHsKICAgICAgICBjcCAtciAvdG1wL2NsaXh4X3JlY292ZXJ5LyogJHtNT1VOVF9QT0lOVH0vIDI+L2Rldi9udWxsIHx8IHRydWUKICAgICAgICBjcCAtciAvdG1wL2NsaXh4X3JlY292ZXJ5Ly4qICR7TU9VTlRfUE9JTlR9LyAyPi9kZXYvbnVsbCB8fCB0cnVlCiAgICAgICAgcm0gLXJmIC90bXAvY2xpeHhfcmVjb3ZlcnkKICAgIH0KZmkKCmVjaG8gIj09PT09PT09PT09PT09PT09PT09PT09PT09PT09PT09PT09PT09PT09PT09PT09PT09PT09PT09PSIKZWNobyAiQ2xpWFggUmV0YWlsIEFwcGxpY2F0aW9uIGRlcGxveW1lbnQgY29tcGxldGUhIgplY2hvICJFRlMgZmlsZXN5c3RlbSAke0ZJTEVfU1lTVEVNX0lEfSBtb3VudGVkIGF0ICR7TU9VTlRfUE9JTlR9IgplY2hvICJQcml2YXRlIElQOiAke1BSSVZBVEVfSVB9IgplY2hvICJXZWJzaXRlIFVSTDogaHR0cHM6Ly9jbGl4eC5zdGFjay1jbGF5ZS5jb20iCmVjaG8gIj09PT09PT09PT09PT09PT09PT09PT09PT09PT09PT09PT09PT09PT09PT09PT09PT09PT09PT09PT0iCmV4aXQgMA==",
            "vpc_security_group_ids": []
          },
          "sensitive_attributes": [],
          "private": "bnVsbA==",
          "dependencies": [
            "aws_db_instance.clixx_db",
            "aws_db_parameter_group.mysql80",
            "aws_db_snapshot_copy.clixx_snapshot_copy",
            "aws_db_subnet_group.clixx_db_subnet_group",
            "aws_efs_file_system.clixx_efs",
            "aws_efs_mount_target.clixx_mount_target",
            "aws_eip.nat",
            "aws_iam_instance_profile.clixx_instance_profile",
            "aws_iam_role.clixx_deploy_role",
            "aws_internet_gateway.igw",
            "aws_lb.clixx_alb",
            "aws_nat_gateway.nat_gw",
            "aws_route_table.private_rt",
            "aws_route_table_association.private_app_rta",
            "aws_security_group.alb_sg",
            "aws_security_group.bastion_sg",
            "aws_security_group.ec2_sg",
            "aws_security_group.efs_sg",
            "aws_security_group.rds_sg",
            "aws_ssm_parameter.db_name",
            "aws_ssm_parameter.db_password",
            "aws_ssm_parameter.db_user",
            "aws_ssm_parameter.efs_id",
            "aws_ssm_parameter.hosted_zone_id",
            "aws_ssm_parameter.hosted_zone_name",
            "aws_ssm_parameter.hosted_zone_record",
            "aws_ssm_parameter.lb_dns",
            "aws_ssm_parameter.rds_endpoint",
            "aws_ssm_parameter.wp_admin_email",
            "aws_ssm_parameter.wp_admin_password",
            "aws_ssm_parameter.wp_admin_user",
            "aws_subnet.private_app",
            "aws_subnet.private_db",
            "aws_subnet.public",
            "aws_vpc.main",
            "data.aws_route53_zone.clixx_zone"
          ]
        }
      ]
    },
    {
      "mode": "managed",
      "type": "aws_launch_template",
      "name": "clixx_app_secondary",
      "provider": "provider[\"registry.terraform.io/hashicorp/aws\"]",
      "instances": [
        {
          "schema_version": 0,
          "attributes": {
            "arn": "arn:aws:ec2:us-east-1:924305315126:launch-template/lt-0a88dd4a817147743",
            "block_device_mappings": [
              {
                "device_name": "/dev/xvda",
                "ebs": [
                  {
                    "delete_on_termination": "true",
                    "encrypted": "false",
                    "iops": 3000,
                    "kms_key_id": "",
                    "snapshot_id": "",
                    "throughput": 125,
                    "volume_size": 8,
                    "volume_type": "gp3"
                  }
                ],
                "no_device": "",
                "virtual_name": ""
              },
              {
                "device_name": "/dev/sdb",
                "ebs": [
                  {
                    "delete_on_termination": "true",
                    "encrypted": "false",
                    "iops": 3000,
                    "kms_key_id": "",
                    "snapshot_id": "",
                    "throughput": 125,
                    "volume_size": 8,
                    "volume_type": "gp3"
                  }
                ],
                "no_device": "",
                "virtual_name": ""
              },
              {
                "device_name": "/dev/sdc",
                "ebs": [
                  {
                    "delete_on_termination": "true",
                    "encrypted": "false",
                    "iops": 3000,
                    "kms_key_id": "",
                    "snapshot_id": "",
                    "throughput": 125,
                    "volume_size": 8,
                    "volume_type": "gp3"
                  }
                ],
                "no_device": "",
                "virtual_name": ""
              },
              {
                "device_name": "/dev/sdd",
                "ebs": [
                  {
                    "delete_on_termination": "true",
                    "encrypted": "false",
                    "iops": 3000,
                    "kms_key_id": "",
                    "snapshot_id": "",
                    "throughput": 125,
                    "volume_size": 8,
                    "volume_type": "gp3"
                  }
                ],
                "no_device": "",
                "virtual_name": ""
              },
              {
                "device_name": "/dev/sde",
                "ebs": [
                  {
                    "delete_on_termination": "true",
                    "encrypted": "false",
                    "iops": 3000,
                    "kms_key_id": "",
                    "snapshot_id": "",
                    "throughput": 125,
                    "volume_size": 8,
                    "volume_type": "gp3"
                  }
                ],
                "no_device": "",
                "virtual_name": ""
              },
              {
                "device_name": "/dev/sdf",
                "ebs": [
                  {
                    "delete_on_termination": "true",
                    "encrypted": "false",
                    "iops": 3000,
                    "kms_key_id": "",
                    "snapshot_id": "",
                    "throughput": 125,
                    "volume_size": 8,
                    "volume_type": "gp3"
                  }
                ],
                "no_device": "",
                "virtual_name": ""
              }
            ],
            "capacity_reservation_specification": [],
            "cpu_options": [],
            "credit_specification": [],
            "default_version": 1,
            "description": "Launch template for Clixx retail application in secondary AZ",
            "disable_api_stop": false,
            "disable_api_termination": false,
            "ebs_optimized": "",
            "elastic_gpu_specifications": [],
            "elastic_inference_accelerator": [],
            "enclave_options": [],
            "hibernation_options": [],
            "iam_instance_profile": [
              {
                "arn": "",
                "name": "terr-DeployProfile-rc"
              }
            ],
            "id": "lt-0a88dd4a817147743",
            "image_id": "ami-0e58b56aa4d64231b",
            "instance_initiated_shutdown_behavior": "",
            "instance_market_options": [],
            "instance_requirements": [],
            "instance_type": "t2.micro",
            "kernel_id": "",
            "key_name": "myec2kp_priv",
            "latest_version": 1,
            "license_specification": [],
            "maintenance_options": [],
            "metadata_options": [],
            "monitoring": [
              {
                "enabled": true
              }
            ],
            "name": "clixx-launch-template-secondary",
            "name_prefix": "",
            "network_interfaces": [
              {
                "associate_carrier_ip_address": "",
                "associate_public_ip_address": "false",
                "delete_on_termination": "true",
                "description": "",
                "device_index": 0,
                "interface_type": "",
                "ipv4_address_count": 0,
                "ipv4_addresses": [],
                "ipv4_prefix_count": 0,
                "ipv4_prefixes": [],
                "ipv6_address_count": 0,
                "ipv6_addresses": [],
                "ipv6_prefix_count": 0,
                "ipv6_prefixes": [],
                "network_card_index": 0,
                "network_interface_id": "",
                "private_ip_address": "",
                "security_groups": [
                  "sg-022f493b27a04afc7"
                ],
                "subnet_id": ""
              }
            ],
            "placement": [],
            "private_dns_name_options": [],
            "ram_disk_id": "",
            "security_group_names": [],
            "tag_specifications": [],
            "tags": {
              "AZ": "us-east-1b",
              "CreatedBy": "Terraform",
              "ManagedBy": "Terraform",
              "Name": "clixx-secondary-launch-template",
              "Project": "Clixx Retail",
              "Stackteam": "StackCloud13",
              "owner": "richard.claye@gmail.com"
            },
            "tags_all": {
              "AZ": "us-east-1b",
              "CreatedBy": "Terraform",
              "ManagedBy": "Terraform",
              "Name": "clixx-secondary-launch-template",
              "Project": "Clixx Retail",
              "Stackteam": "StackCloud13",
              "owner": "richard.claye@gmail.com"
            },
            "update_default_version": null,
            "user_data": "IyEvYmluL2Jhc2gKc2V0IC1lCgojIENsaVhYIFJldGFpbCBBcHBsaWNhdGlvbiBkZXBsb3ltZW50IHNjcmlwdAplY2hvICJTdGFydGluZyBDbGlYWCBSZXRhaWwgQXBwbGljYXRpb24gZGVwbG95bWVudC4uLiIKCiMgZW5zdXJlIHdl4oCZcmUgcm9vdApbICIkKGlkIC11KSIgLW5lIDAgXSAmJiBleGVjIHN1ZG8gYmFzaCAiJDAiICIkQCIKCiMgQ29uZmlnIHZhcmlhYmxlcyAoaW5qZWN0ZWQgYnkgVGVycmFmb3JtKQpBV1NfUkVHSU9OPSJ1cy1lYXN0LTEiCk1PVU5UX1BPSU5UPS92YXIvd3d3L2h0bWwKV1BfQ09ORklHX1BBVEg9IiR7TU9VTlRfUE9JTlR9L3dwLWNvbmZpZy5waHAiIAoKIyAtLS0gZmV0Y2ggYWxsIHNldHRpbmdzIGZyb20gU1NNIFBhcmFtZXRlciBTdG9yZSAtLS0KREJfTkFNRT0kKGF3cyBzc20gZ2V0LXBhcmFtZXRlciAtLW5hbWUgIi9jbGl4eC9kYl9uYW1lIiAtLXdpdGgtZGVjcnlwdGlvbiAtLW91dHB1dCB0ZXh0IC0tcXVlcnkgUGFyYW1ldGVyLlZhbHVlIC0tcmVnaW9uICIkQVdTX1JFR0lPTiIpCkRCX1VTRVI9JChhd3Mgc3NtIGdldC1wYXJhbWV0ZXIgLS1uYW1lICIvY2xpeHgvZGJfdXNlciIgLS13aXRoLWRlY3J5cHRpb24gLS1vdXRwdXQgdGV4dCAtLXF1ZXJ5IFBhcmFtZXRlci5WYWx1ZSAtLXJlZ2lvbiAiJEFXU19SRUdJT04iKQpEQl9QQVNTV09SRD0kKGF3cyBzc20gZ2V0LXBhcmFtZXRlciAtLW5hbWUgIi9jbGl4eC9kYl9wYXNzd29yZCIgLS13aXRoLWRlY3J5cHRpb24gLS1vdXRwdXQgdGV4dCAtLXF1ZXJ5IFBhcmFtZXRlci5WYWx1ZSAtLXJlZ2lvbiAiJEFXU19SRUdJT04iKQpGSUxFX1NZU1RFTV9JRD0kKGF3cyBzc20gZ2V0LXBhcmFtZXRlciAtLW5hbWUgIi9jbGl4eC9lZnNfaWQiIC0tb3V0cHV0IHRleHQgLS1xdWVyeSBQYXJhbWV0ZXIuVmFsdWUgLS1yZWdpb24gIiRBV1NfUkVHSU9OIikKTEJfRE5TX05BTUU9JChhd3Mgc3NtIGdldC1wYXJhbWV0ZXIgLS1uYW1lICIvY2xpeHgvbGJfZG5zIiAtLW91dHB1dCB0ZXh0IC0tcXVlcnkgUGFyYW1ldGVyLlZhbHVlIC0tcmVnaW9uICIkQVdTX1JFR0lPTiIpCkhPU1RFRF9aT05FX1JFQ09SRF9OQU1FPSQoYXdzIHNzbSBnZXQtcGFyYW1ldGVyIC0tbmFtZSAiL2NsaXh4L2hvc3RlZF96b25lX3JlY29yZCIgLS1vdXRwdXQgdGV4dCAtLXF1ZXJ5IFBhcmFtZXRlci5WYWx1ZSAtLXJlZ2lvbiAiJEFXU19SRUdJT04iKQpXUF9BRE1JTl9VU0VSPSQoYXdzIHNzbSBnZXQtcGFyYW1ldGVyIC0tbmFtZSAiL2NsaXh4L3dwX2FkbWluX3VzZXIiIC0td2l0aC1kZWNyeXB0aW9uIC0tb3V0cHV0IHRleHQgLS1xdWVyeSBQYXJhbWV0ZXIuVmFsdWUgLS1yZWdpb24gIiRBV1NfUkVHSU9OIikKV1BfQURNSU5fUEFTU1dPUkQ9JChhd3Mgc3NtIGdldC1wYXJhbWV0ZXIgLS1uYW1lICIvY2xpeHgvd3BfYWRtaW5fcGFzc3dvcmQiIC0td2l0aC1kZWNyeXB0aW9uIC0tb3V0cHV0IHRleHQgLS1xdWVyeSBQYXJhbWV0ZXIuVmFsdWUgLS1yZWdpb24gIiRBV1NfUkVHSU9OIikKV1BfQURNSU5fRU1BSUw9JChhd3Mgc3NtIGdldC1wYXJhbWV0ZXIgLS1uYW1lICIvY2xpeHgvd3BfYWRtaW5fZW1haWwiIC0tb3V0cHV0IHRleHQgLS1xdWVyeSBQYXJhbWV0ZXIuVmFsdWUgLS1yZWdpb24gIiRBV1NfUkVHSU9OIikKCiMgLS0tIGZldGNoIFJEUyBlbmRwb2ludCBmcm9tIFNTTSBhbmQgbWFwIHRvIERCX0hPU1QgLS0tClJEU19FTkRQT0lOVD0kKGF3cyBzc20gZ2V0LXBhcmFtZXRlciBcCiAgLS1uYW1lICIvY2xpeHgvUkRTX0VORFBPSU5UIiBcCiAgLS1vdXRwdXQgdGV4dCAtLXF1ZXJ5IFBhcmFtZXRlci5WYWx1ZSBcCiAgLS1yZWdpb24gIiRBV1NfUkVHSU9OIikKREJfSE9TVD0iJFJEU19FTkRQT0lOVCIKCiMgRnVuY3Rpb24gdG8gc2V0IHVwIEVCUyB2b2x1bWVzIHdpdGggTFZNCnNldHVwX2Vic192b2x1bWVzKCkgewogICAgIyBDaGVjayBpZiBMVk0gdG9vbHMgYXJlIGF2YWlsYWJsZSwgaW5zdGFsbCBpZiBtaXNzaW5nCiAgICB5dW0gaW5zdGFsbCAteSBsdm0yIHx8IHsgZWNobyAiV2FybmluZzogQ291bGQgbm90IGluc3RhbGwgbHZtMiwgYnV0IGNvbnRpbnVpbmcgYW55d2F5IjsgfQogICAgCiAgICAjIE5vLWZhaWwgY2hlY2sgLSBpZiBMVk0gYWxyZWFkeSBleGlzdHMsIGNvbnRpbnVlCiAgICBsdnMgfCBncmVwIC1xICJzdGFja192ZyIgJiYgeyBlY2hvICJMVk0gYWxyZWFkeSBleGlzdHMuIFNraXBwaW5nLiI7IHJldHVybiAwOyB9CiAgICAKICAgICMgTm8tZmFpbCBjaGVjayAtIFZlcmlmeSBhbnkgZGlza3MgZXhpc3QgYmVmb3JlIHByb2NlZWRpbmcKICAgIERJU0tTPShzZGIgc2RjIHNkZCBzZGUgc2RmKQogICAgRElTS1NfRk9VTkQ9MAogICAgCiAgICBmb3IgZGlzayBpbiAiJHtESVNLU1tAXX0iOyBkbwogICAgICAgIFsgLWUgIi9kZXYvJGRpc2siIF0gJiYgRElTS1NfRk9VTkQ9MQogICAgZG9uZQogICAgCiAgICAjIElmIG5vIGRpc2tzIGZvdW5kLCBsb2cgYW5kIHJldHVybiBzdWNjZXNzIGFueXdheQogICAgaWYgWyAkRElTS1NfRk9VTkQgLWVxIDAgXTsgdGhlbgogICAgICAgIGVjaG8gIk5vIEVCUyB2b2x1bWVzIGZvdW5kIHRvIGNvbmZpZ3VyZSBmb3IgTFZNLiBDb250aW51aW5nIGRlcGxveW1lbnQgd2l0aG91dCBFQlMgc3RvcmFnZS4iCiAgICAgICAgcmV0dXJuIDAKICAgIGZpCiAgICAKICAgICMgQ3JlYXRlIHBhcnRpdGlvbnMgb24gZGlza3MKICAgIGZvciBkaXNrIGluICIke0RJU0tTW0BdfSI7IGRvCiAgICAgICAgWyAtZSAiL2Rldi8kZGlzayIgXSAmJiAhIFsgLWUgIi9kZXYvJHtkaXNrfTEiIF0gJiYgewogICAgICAgICAgICBlY2hvIC1lICJuXG5wXG4xXG5cblxudyIgfCBmZGlzayAiL2Rldi8kZGlzayIgfHwgZWNobyAiV2FybmluZzogUGFydGl0aW9uaW5nIC9kZXYvJGRpc2sgZmFpbGVkLCBidXQgY29udGludWluZyIKICAgICAgICAgICAgc2xlZXAgMgogICAgICAgIH0KICAgIGRvbmUKICAgIAogICAgIyBDcmVhdGUgcGh5c2ljYWwgdm9sdW1lcyAtIHdpdGggbm8tZmFpbCBvcHRpb24KICAgIGZvciBkaXNrIGluICIke0RJU0tTW0BdfSI7IGRvCiAgICAgICAgWyAtZSAiL2Rldi8ke2Rpc2t9MSIgXSAmJiBwdmNyZWF0ZSAiL2Rldi8ke2Rpc2t9MSIgMj4vZGV2L251bGwgfHwgdHJ1ZQogICAgZG9uZQogICAgCiAgICAjIENyZWF0ZSB2b2x1bWUgZ3JvdXAgLSB3aXRoIG5vLWZhaWwgY2hlY2tpbmcKICAgIGlmICEgdmdzIHwgZ3JlcCAtcSAic3RhY2tfdmciOyB0aGVuCiAgICAgICAgRElTS19QQVJUUz0iIgogICAgICAgIGZvciBkaXNrIGluICIke0RJU0tTW0BdfSI7IGRvCiAgICAgICAgICAgIFsgLWUgIi9kZXYvJHtkaXNrfTEiIF0gJiYgRElTS19QQVJUUys9Ii9kZXYvJHtkaXNrfTEgIgogICAgICAgIGRvbmUKICAgICAgICAKICAgICAgICBpZiBbIC1uICIkRElTS19QQVJUUyIgXTsgdGhlbgogICAgICAgICAgICB2Z2NyZWF0ZSBzdGFja192ZyAkRElTS19QQVJUUyB8fCB7IAogICAgICAgICAgICAgICAgZWNobyAiV2FybmluZzogVm9sdW1lIGdyb3VwIGNyZWF0aW9uIGZhaWxlZCwgYnV0IGNvbnRpbnVpbmcgZGVwbG95bWVudCIgCiAgICAgICAgICAgICAgICByZXR1cm4gMAogICAgICAgICAgICB9CiAgICAgICAgZWxzZQogICAgICAgICAgICBlY2hvICJObyBwYXJ0aXRpb25zIGF2YWlsYWJsZSBmb3Igdm9sdW1lIGdyb3VwLiBDb250aW51aW5nIHdpdGhvdXQgTFZNLiIKICAgICAgICAgICAgcmV0dXJuIDAKICAgICAgICBmaQogICAgZmkKICAgIAogICAgIyBDaGVjayBpZiB2b2x1bWUgZ3JvdXAgZXhpc3RzIGJlZm9yZSBhdHRlbXB0aW5nIHRvIGNyZWF0ZSBsb2dpY2FsIHZvbHVtZXMKICAgIGlmICEgdmdzIHwgZ3JlcCAtcSAic3RhY2tfdmciOyB0aGVuCiAgICAgICAgZWNobyAiVm9sdW1lIGdyb3VwIGRvZXMgbm90IGV4aXN0LiBDb250aW51aW5nIHdpdGhvdXQgbG9naWNhbCB2b2x1bWVzLiIKICAgICAgICByZXR1cm4gMAogICAgZmkKICAgIAogICAgIyBDcmVhdGUgYW5kIGZvcm1hdCBsb2dpY2FsIHZvbHVtZXMgLSB3aXRoIG5vLWZhaWwgY29uZGl0aW9ucwogICAgIyBVc2luZyBpbmRpdmlkdWFsIHZhcmlhYmxlcyBpbnN0ZWFkIG9mIGFzc29jaWF0aXZlIGFycmF5IAogICAgTFZfTkFNRVM9KCJMdl91MDEiICJMdl91MDIiICJMdl91MDMiICJMdl91MDQiKQogICAgTFZfU0laRVM9KCI4IiAiNSIgIjUiICI1IikKICAgIAogICAgZm9yIGkgaW4gezAuLjN9OyBkbwogICAgICAgIGx2X25hbWU9IiR7TFZfTkFNRVNbJGldfSIKICAgICAgICBsdl9zaXplPSIke0xWX1NJWkVTWyRpXX0iCiAgICAgICAgCiAgICAgICAgaWYgISBsdnMgfCBncmVwIC1xICIkbHZfbmFtZSI7IHRoZW4KICAgICAgICAgICAgbHZjcmVhdGUgLUwgJHtsdl9zaXplfUcgLW4gIiRsdl9uYW1lIiBzdGFja192ZyB8fCB7CiAgICAgICAgICAgICAgICBlY2hvICJXYXJuaW5nOiBGYWlsZWQgdG8gY3JlYXRlIGxvZ2ljYWwgdm9sdW1lICRsdl9uYW1lLCBidXQgY29udGludWluZyIKICAgICAgICAgICAgICAgIGNvbnRpbnVlCiAgICAgICAgICAgIH0KICAgICAgICAgICAgbWtmcy5leHQ0ICIvZGV2L3N0YWNrX3ZnLyRsdl9uYW1lIiAyPi9kZXYvbnVsbCB8fCBlY2hvICJXYXJuaW5nOiBGYWlsZWQgdG8gZm9ybWF0ICRsdl9uYW1lLCBidXQgY29udGludWluZyIKICAgICAgICBmaQogICAgICAgIAogICAgICAgICMgTW91bnQgZGlyZWN0b3JpZXMgLSB3aXRoIG5vLWZhaWwgY29uZGl0aW9ucwogICAgICAgIG1vdW50X3BvaW50PSIvJHtsdl9uYW1lI0x2X30iCiAgICAgICAgbHZfcGF0aD0iL2Rldi9zdGFja192Zy8kbHZfbmFtZSIKICAgICAgICBta2RpciAtcCAiJG1vdW50X3BvaW50IiB8fCBlY2hvICJXYXJuaW5nOiBGYWlsZWQgdG8gY3JlYXRlIG1vdW50cG9pbnQgJG1vdW50X3BvaW50LCBidXQgY29udGludWluZyIKICAgICAgICAKICAgICAgICAjIE9ubHkgYXR0ZW1wdCB0byBtb3VudCBpZiBsb2dpY2FsIHZvbHVtZSBleGlzdHMKICAgICAgICBpZiBbIC1lICIkbHZfcGF0aCIgXTsgdGhlbgogICAgICAgICAgICBtb3VudCB8IGdyZXAgLXEgIiRtb3VudF9wb2ludCIgfHwgbW91bnQgIiRsdl9wYXRoIiAiJG1vdW50X3BvaW50IiB8fCBlY2hvICJXYXJuaW5nOiBGYWlsZWQgdG8gbW91bnQgJGx2X3BhdGgsIGJ1dCBjb250aW51aW5nIgogICAgICAgICAgICBncmVwIC1xICIkbHZfcGF0aCIgL2V0Yy9mc3RhYiB8fCBlY2hvICIkbHZfcGF0aCAkbW91bnRfcG9pbnQgZXh0NCBkZWZhdWx0cyAwIDIiID4+IC9ldGMvZnN0YWIKICAgICAgICBlbHNlCiAgICAgICAgICAgIGVjaG8gIkxvZ2ljYWwgdm9sdW1lICRsdl9wYXRoIGRvZXMgbm90IGV4aXN0LiBTa2lwcGluZyBtb3VudC4iCiAgICAgICAgZmkKICAgIGRvbmUKICAgIAogICAgZWNobyAiRUJTIHZvbHVtZSBzZXR1cCBjb21wbGV0ZWQgd2l0aCBuby1mYWlsIHBvbGljeSAtIGRlcGxveW1lbnQgd2lsbCBjb250aW51ZSByZWdhcmRsZXNzIG9mIEVCUyBzdGF0dXMiCn0KCiMgSW5zdGFsbCBwYWNrYWdlcwp5dW0gdXBkYXRlIC15CmFtYXpvbi1saW51eC1leHRyYXMgaW5zdGFsbCAteSBsYW1wLW1hcmlhZGIxMC4yLXBocDcuMiBwaHA3LjIKeXVtIGluc3RhbGwgLXkgaHR0cGQgbWFyaWFkYi1zZXJ2ZXIgcGhwLW15c3FsbmQgZ2l0IG5mcy11dGlscyAKCiMgU2V0IHVwIEVCUyB2b2x1bWVzCnNldHVwX2Vic192b2x1bWVzCgojIFN0YXJ0IEFwYWNoZQpzeXN0ZW1jdGwgc3RhcnQgaHR0cGQKc3lzdGVtY3RsIGVuYWJsZSBodHRwZAoKIyBJbnN0YWxsIFdvcmRQcmVzcyBDTEkKZWNobyAiSW5zdGFsbGluZyBXUC1DTEkuLi4iCmNkIC90bXAKY3VybCAtTyBodHRwczovL3Jhdy5naXRodWJ1c2VyY29udGVudC5jb20vd3AtY2xpL2J1aWxkcy9naC1wYWdlcy9waGFyL3dwLWNsaS5waGFyCmNobW9kICt4IHdwLWNsaS5waGFyCm12IHdwLWNsaS5waGFyIC91c3IvbG9jYWwvYmluL3dwCgojIFZlcmlmeSBXUC1DTEkgaW5zdGFsbGF0aW9uCmVjaG8gIlZlcmlmeWluZyBXUC1DTEkgaW5zdGFsbGF0aW9uLi4uIgppZiAhIHdwIC0taW5mbyA+IC9kZXYvbnVsbCAyPiYxOyB0aGVuCiAgICBlY2hvICJXUC1DTEkgaW5zdGFsbGF0aW9uIGZhaWxlZC4gVHJ5aW5nIHdpdGggZnVsbCBwYXRoLi4uIgogICAgaWYgISAvdXNyL2xvY2FsL2Jpbi93cCAtLWluZm8gPiAvZGV2L251bGwgMj4mMTsgdGhlbgogICAgICAgIGVjaG8gIkVSUk9SOiBXUC1DTEkgaW5zdGFsbGF0aW9uIHZlcmlmaWNhdGlvbiBmYWlsZWQuIFRoaXMgbWF5IGNhdXNlIFdvcmRQcmVzcyBzZXR1cCB0byBmYWlsLiIKICAgIGZpCmZpCgojIFNldCB1cCBXUC1DTEkgZm9yIEFwYWNoZSB1c2VyCmVjaG8gIlNldHRpbmcgdXAgV1AtQ0xJIGZvciBBcGFjaGUgdXNlci4uLiIKbWtkaXIgLXAgL3Zhci93d3cvLndwLWNsaS9jYWNoZQpjaG93biAtUiBhcGFjaGU6YXBhY2hlIC92YXIvd3d3Ly53cC1jbGkKY2htb2QgLVIgNzU1IC92YXIvd3d3Ly53cC1jbGkKCmVjaG8gIlZlcmlmeWluZyBXb3JkUHJlc3MgQ0xJIGFzIGFwYWNoZSB1c2VyICh1c2luZyBNT1VOVF9QT0lOVDogJHtNT1VOVF9QT0lOVH0pLi4uIgpzdWRvIC11IGFwYWNoZSAvdXNyL2xvY2FsL2Jpbi93cCAtLWluZm8gfHwgZWNobyAiV2FybmluZzogV1AtQ0xJIGJhc2ljIGluZm8gY2hlY2sgYXMgYXBhY2hlIHVzZXIgZmFpbGVkLiIKCiMgU2V0IHVwIGRpcmVjdG9yaWVzCm1rZGlyIC1wICR7TU9VTlRfUE9JTlR9CnVzZXJtb2QgLWEgLUcgYXBhY2hlIGVjMi11c2VyCmNob3duIC1SIGVjMi11c2VyOmFwYWNoZSAvdmFyL3d3dwpjaG1vZCAyNzc1IC92YXIvd3d3CmZpbmQgL3Zhci93d3cgLXR5cGUgZCAtZXhlYyBjaG1vZCAyNzc1IHt9IFw7IDI+L2Rldi9udWxsIHx8IHRydWUKZmluZCAvdmFyL3d3dyAtdHlwZSBmIC1leGVjIGNobW9kIDA2NjQge30gXDsgMj4vZGV2L251bGwgfHwgdHJ1ZQoKIyBCYWNrIHVwIGFuZCB1bm1vdW50IGlmIG5lZWRlZApbIC1kICIke01PVU5UX1BPSU5UfSIgXSAmJiBbICIkKGxzIC1BICR7TU9VTlRfUE9JTlR9KSIgXSAmJiB7CiAgICBCQUNLVVBfRElSPSIvdG1wL2NsaXh4X2JhY2t1cF8kKGRhdGUgKyVZJW0lZCVIJU0lUykiCiAgICBta2RpciAtcCAke0JBQ0tVUF9ESVJ9CiAgICBjcCAtciAke01PVU5UX1BPSU5UfS8qICR7QkFDS1VQX0RJUn0vIDI+L2Rldi9udWxsIHx8IHRydWUKfQp1bW91bnQgJHtNT1VOVF9QT0lOVH0gMj4vZGV2L251bGwgfHwgdHJ1ZQoKIyBNb3VudCBFRlMKbW91bnQgLXQgbmZzNCAke0ZJTEVfU1lTVEVNX0lEfS5lZnMuJHtBV1NfUkVHSU9OfS5hbWF6b25hd3MuY29tOi8gJHtNT1VOVF9QT0lOVH0KCiMgUmVwbGFjZSB3aXRoIG1vcmUgcm9idXN0IG1vdW50aW5nIGxvZ2ljIHdpdGggcmV0cnkgbWVjaGFuaXNtCm1vdW50IC10IG5mczQgJHtGSUxFX1NZU1RFTV9JRH0uZWZzLiR7QVdTX1JFR0lPTn0uYW1hem9uYXdzLmNvbTovICR7TU9VTlRfUE9JTlR9IHx8IHsKICBlY2hvICJJbml0aWFsIEVGUyBtb3VudCBhdHRlbXB0IGZhaWxlZCwgd2FpdGluZyBhbmQgdHJ5aW5nIGFnYWluLi4uIgogIAogICMgQ3JlYXRlIGEgZnVuY3Rpb24gZm9yIG1vdW50IGF0dGVtcHRzIHdpdGggZGVidWdnaW5nCiAgYXR0ZW1wdF9tb3VudCgpIHsKICAgIGVjaG8gIkNoZWNraW5nIG5ldHdvcmsgY29ubmVjdGl2aXR5IHRvIEVGUyBlbmRwb2ludC4uLiIKICAgIHBpbmcgLWMgMyAke0ZJTEVfU1lTVEVNX0lEfS5lZnMuJHtBV1NfUkVHSU9OfS5hbWF6b25hd3MuY29tIHx8IGVjaG8gIkNhbm5vdCBwaW5nIEVGUyBlbmRwb2ludCAtIHRoaXMgaXMgbm9ybWFsIGlmIElDTVAgaXMgYmxvY2tlZCIKICAgIAogICAgZWNobyAiQ2hlY2tpbmcgZm9yIHBvcnQgMjA0OSBjb25uZWN0aXZpdHkuLi4iCiAgICBuYyAtenYgJHtGSUxFX1NZU1RFTV9JRH0uZWZzLiR7QVdTX1JFR0lPTn0uYW1hem9uYXdzLmNvbSAyMDQ5IHx8IGVjaG8gIlBvcnQgY2hlY2sgZmFpbGVkIgogICAgCiAgICBlY2hvICJBdHRlbXB0aW5nIEVGUyBtb3VudCB3aXRoIHZlcmJvc2Ugb3V0cHV0Li4uIgogICAgbW91bnQgLXYgLXQgbmZzNCAke0ZJTEVfU1lTVEVNX0lEfS5lZnMuJHtBV1NfUkVHSU9OfS5hbWF6b25hd3MuY29tOi8gJHtNT1VOVF9QT0lOVH0KICAgIHJldHVybiAkPwogIH0KICAKICAjIFRyeSBzZXZlcmFsIHRpbWVzIHdpdGggaW5jcmVhc2luZyBkZWxheXMKICBmb3IgcmV0cnkgaW4gMSAyIDMgNCA1OyBkbwogICAgZWNobyAiTW91bnQgYXR0ZW1wdCAkcmV0cnkuLi4iCiAgICBzbGVlcCAkKChyZXRyeSAqIDEwKSkKICAgIGF0dGVtcHRfbW91bnQgJiYgewogICAgICBlY2hvICJNb3VudCBzdWNjZXNzZnVsIG9uIGF0dGVtcHQgJHJldHJ5ISIKICAgICAgYnJlYWsKICAgIH0KICAgIAogICAgaWYgWyAkcmV0cnkgLWVxIDUgXTsgdGhlbgogICAgICBlY2hvICJBbGwgbW91bnQgYXR0ZW1wdHMgZmFpbGVkLiBDcmVhdGluZyBhIGxvY2FsIGRpcmVjdG9yeSBmb3IgYXBwbGljYXRpb24gZnVuY3Rpb25hbGl0eS4uLiIKICAgICAgbWtkaXIgLXAgJHtNT1VOVF9QT0lOVH0KICAgICAgY2hvd24gLVIgYXBhY2hlOmFwYWNoZSAke01PVU5UX1BPSU5UfSAyPi9kZXYvbnVsbCB8fCB0cnVlCiAgICAgIGVjaG8gIkVGUyBtb3VudCBmYWlsdXJlIC0gY29udGludWluZyB3aXRoIGxvY2FsIHN0b3JhZ2UuIENoZWNrIHNlY3VyaXR5IGdyb3Vwcywgcm91dGVzLCBhbmQgSUFNIHBlcm1pc3Npb25zLiIKICAgIGZpCiAgZG9uZQp9CgojIFVwZGF0ZSBmc3RhYiBtb3JlIHNhZmVseQpncmVwIC12ICIke0ZJTEVfU1lTVEVNX0lEfSIgL2V0Yy9mc3RhYiA+IC9ldGMvZnN0YWIudG1wIDI+L2Rldi9udWxsIHx8IHRydWUKbXYgL2V0Yy9mc3RhYi50bXAgL2V0Yy9mc3RhYiAyPi9kZXYvbnVsbCB8fCB0cnVlCmVjaG8gIiR7RklMRV9TWVNURU1fSUR9LmVmcy4ke0FXU19SRUdJT059LmFtYXpvbmF3cy5jb206LyAke01PVU5UX1BPSU5UfSBuZnM0IG5mc3ZlcnM9NC4xLHJzaXplPTEwNDg1NzYsd3NpemU9MTA0ODU3NixoYXJkLHRpbWVvPTYwMCxyZXRyYW5zPTIsbm9yZXN2cG9ydCAwIDAiID4+IC9ldGMvZnN0YWIKCiMgSW1wcm92ZWQgdmVyaWZpY2F0aW9uCmlmIGRmIC1oIHwgZ3JlcCAtcSAiJHtGSUxFX1NZU1RFTV9JRH0iOyB0aGVuCiAgZWNobyAiRUZTIG1vdW50IHN1Y2Nlc3NmdWwhIgplbHNlCiAgZWNobyAiV0FSTklORzogRUZTIG1vdW50IHZlcmlmaWNhdGlvbiBmYWlsZWQsIGJ1dCBjb250aW51aW5nIHRoZSBkZXBsb3ltZW50IHVzaW5nIGxvY2FsIHN0b3JhZ2UiCmZpCgojIENsb25lIHJlcG9zaXRvcnkKZ2l0IGNsb25lIGh0dHBzOi8vZ2l0aHViLmNvbS9zdGFja2l0Z2l0L0NsaVhYX1JldGFpbF9SZXBvc2l0b3J5LmdpdCAvdG1wL2NsaXh4X3JlcG8KY3AgLXIgL3RtcC9jbGl4eF9yZXBvLyogJHtNT1VOVF9QT0lOVH0vCmNwIC1yIC90bXAvY2xpeHhfcmVwby8uKiAke01PVU5UX1BPSU5UfS8gMj4vZGV2L251bGwgfHwgdHJ1ZQpybSAtcmYgL3RtcC9jbGl4eF9yZXBvCgojIFNldCBwZXJtaXNzaW9ucwppZiBpZCBhcGFjaGUgJj4vZGV2L251bGw7IHRoZW4KICAgIGNob3duIC1SIGFwYWNoZTphcGFjaGUgJHtNT1VOVF9QT0lOVH0gMj4vZGV2L251bGwgfHwgdHJ1ZQogICAgZmluZCAke01PVU5UX1BPSU5UfSAtdHlwZSBkIC1leGVjIGNobW9kIDI3NzUge30gXDsgMj4vZGV2L251bGwgfHwgdHJ1ZQogICAgZmluZCAke01PVU5UX1BPSU5UfSAtdHlwZSBmIC1leGVjIGNobW9kIDA2NjQge30gXDsgMj4vZGV2L251bGwgfHwgdHJ1ZQplbHNlCiAgICBjaG93biAtUiBlYzItdXNlcjplYzItdXNlciAke01PVU5UX1BPSU5UfSAyPi9kZXYvbnVsbCB8fCB0cnVlCmZpCgojIENvbmZpZ3VyZSBBcGFjaGUKc2VkIC1pICdzL0FsbG93T3ZlcnJpZGUgTm9uZS9BbGxvd092ZXJyaWRlIEFsbC9nJyAvZXRjL2h0dHBkL2NvbmYvaHR0cGQuY29uZgpybSAtZiAvZXRjL2h0dHBkL2NvbmYuZC93ZWxjb21lLmNvbmYKL3NiaW4vc3lzY3RsIC13IG5ldC5pcHY0LnRjcF9rZWVwYWxpdmVfdGltZT0yMDAgbmV0LmlwdjQudGNwX2tlZXBhbGl2ZV9pbnR2bD0yMDAgbmV0LmlwdjQudGNwX2tlZXBhbGl2ZV9wcm9iZXM9NQoKIyBVcGRhdGUgd3AtY29uZmlnLnBocCB3aXRoIGRhdGFiYXNlIGNyZWRlbnRpYWxzCmlmIFsgLWYgIiRXUF9DT05GSUdfUEFUSCIgXTsgdGhlbgogICAgc2VkIC1pICJzL2RlZmluZSggKidEQl9OQU1FJywgKidbXiddKicgKik7L2RlZmluZSgnREJfTkFNRScsICckREJfTkFNRScpOy8iICIkV1BfQ09ORklHX1BBVEgiCiAgICBzZWQgLWkgInMvZGVmaW5lKCAqJ0RCX1VTRVInLCAqJ1teJ10qJyAqKTsvZGVmaW5lKCdEQl9VU0VSJywgJyREQl9VU0VSJyk7LyIgIiRXUF9DT05GSUdfUEFUSCIKICAgIHNlZCAtaSAicy9kZWZpbmUoIConREJfUEFTU1dPUkQnLCAqJ1teJ10qJyAqKTsvZGVmaW5lKCdEQl9QQVNTV09SRCcsICckREJfUEFTU1dPUkQnKTsvIiAiJFdQX0NPTkZJR19QQVRIIgogICAgc2VkIC1pICJzL2RlZmluZSggKidEQl9IT1NUJywgKidbXiddKicgKik7L2RlZmluZSgnREJfSE9TVCcsICckREJfSE9TVCcpOy8iICIkV1BfQ09ORklHX1BBVEgiCgogICAgIyBBZGQgSFRUUFMgc2V0dGluZ3MgZm9yIEFMQi9MQiBlbnZpcm9ubWVudCBpZiBub3QgYWxyZWFkeSBwcmVzZW50CiAgICBpZiAhIGdyZXAgLXEgIkZPUkNFX1NTTF9BRE1JTiIgIiRXUF9DT05GSUdfUEFUSCI7IHRoZW4KICAgICAgICBzZWQgLWkgIi9cL1wqIFRoYXQncyBhbGwsIHN0b3AgZWRpdGluZyEgSGFwcHkgcHVibGlzaGluZy4gXCpcLy9pIGRlZmluZSgnRk9SQ0VfU1NMX0FETUlOJywgdHJ1ZSk7XG5kZWZpbmUoJ0ZPUkNFX1NTTF9MT0dJTicsIHRydWUpO1xuaWYgKGlzc2V0KFwkX1NFUlZFUlsnSFRUUF9YX0ZPUldBUkRFRF9QUk9UTyddKSBcJlwmIFwkX1NFUlZFUlsnSFRUUF9YX0ZPUldBUkRFRF9QUk9UTyddID09PSAnaHR0cHMnKSB7XG4gICAgXCRfU0VSVkVSWydIVFRQUyddID0gJ29uJztcbn1cbiIgIiRXUF9DT05GSUdfUEFUSCIKICAgIGZpCmZpCgojIENyZWF0ZSBoZWFsdGggY2hlY2sgZmlsZSBmb3IgQUxCCmNhdCA+ICR7TU9VTlRfUE9JTlR9L2hlYWx0aC5waHAgPDwgJ0hFQUxUSCcKPD9waHAKLy8gU2ltcGxlIGhlYWx0aCBjaGVjayBmaWxlIHRoYXQgcmV0dXJucyAyMDAgT0sKaGVhZGVyKCJDb250ZW50LVR5cGU6IHRleHQvcGxhaW4iKTsKZWNobyAiT0siOwo/PgpIRUFMVEgKCiMgU2V0IG93bmVyc2hpcCBvZiB0aGUgaGVhbHRoIGNoZWNrIGZpbGUKY2hvd24gYXBhY2hlOmFwYWNoZSAke01PVU5UX1BPSU5UfS9oZWFsdGgucGhwCmNobW9kIDY0NCAke01PVU5UX1BPSU5UfS9oZWFsdGgucGhwCgojIFVwZGF0ZSBXb3JkUHJlc3MgVVJMcyBpbiBkYXRhYmFzZQojIEdldCBwcml2YXRlIElQIChmb3IgbG9nZ2luZyBwdXJwb3NlcyBvbmx5KQpQUklWQVRFX0lQPSQoY3VybCAtcyBodHRwOi8vMTY5LjI1NC4xNjkuMjU0L2xhdGVzdC9tZXRhLWRhdGEvbG9jYWwtaXB2NCkKCiMgV2UnbGwgdXNlIE15U1FMIGRpcmVjdGx5IGluc3RlYWQgb2YgV1AtQ0xJIHRvIHNldCBzaXRlIFVSTHMKZWNobyAiVXBkYXRpbmcgV29yZFByZXNzIHNpdGUgVVJMcyB1c2luZyBNeVNRTC4uLiIKCmVjaG8gIkF0dGVtcHRpbmcgdG8gY29ubmVjdCB0byBkYXRhYmFzZS4uLiIKaWYgbXlzcWwgLWggIiREQl9IT1NUIiAtdSAiJERCX1VTRVIiIC1wIiREQl9QQVNTV09SRCIgIiREQl9OQU1FIiAtZSAiU0VMRUNUIDEiICY+IC9kZXYvbnVsbDsgdGhlbgogICAgZWNobyAiU3VjY2Vzc2Z1bGx5IGNvbm5lY3RlZCB0byBkYXRhYmFzZSAkREJfTkFNRSBvbiAkREJfSE9TVC4iCiAgICAKICAgICMgVXBkYXRlIFdvcmRQcmVzcyBVUkxzIGRpcmVjdGx5IGluIHRoZSBkYXRhYmFzZSB1c2luZyB0aGUgQUxCIEROUyBuYW1lCiAgICBlY2hvICJVcGRhdGluZyBXb3JkUHJlc3MgVVJMcyB0byB1c2UgQUxCIEROUzogJExCX0ROU19OQU1FIgogICAgbXlzcWwgLWggIiREQl9IT1NUIiAtdSAiJERCX1VTRVIiIC1wIiREQl9QQVNTV09SRCIgIiREQl9OQU1FIiA8PEVPRgpVU0UgJERCX05BTUU7Ci0tIFVwZGF0ZSBzaXRlIFVSTCAKVVBEQVRFIHdwX29wdGlvbnMgU0VUIG9wdGlvbl92YWx1ZSA9ICJodHRwczovL2NsaXh4LnN0YWNrLWNsYXllLmNvbSIgV0hFUkUgb3B0aW9uX3ZhbHVlIExJS0UgJyVFTEIlJzsKLS0gUHJpbnQgVVJMUyAKU0VMRUNUIG9wdGlvbl9uYW1lLCBvcHRpb25fdmFsdWUgRlJPTSB3cF9vcHRpb25zIFdIRVJFIG9wdGlvbl9uYW1lIExJS0UgJyVodHRwJSc7CkVPRgogICAgZWNobyAiV29yZFByZXNzIFVSTHMgdXBkYXRlZCBzdWNjZXNzZnVsbHkgaW4gZGF0YWJhc2UuIgplbHNlCiAgICBlY2hvICJDb3VsZCBub3QgY29ubmVjdCB0byBkYXRhYmFzZSAkREJfTkFNRSBvbiAkREJfSE9TVC4gQ2hlY2sgY3JlZGVudGlhbHMsIFJEUyBzZWN1cml0eSBncm91cCwgYW5kIEVDMiBpbnN0YW5jZSBvdXRib3VuZCBydWxlcy4iCiAgICBlY2hvICJEQl9IT1NUOiAkREJfSE9TVCwgREJfVVNFUjogJERCX1VTRVIsIERCX05BTUU6ICREQl9OQU1FIgpmaQoKIyBSZXN0YXJ0IEFwYWNoZQpzeXN0ZW1jdGwgcmVzdGFydCBodHRwZCB8fCAoeXVtIGluc3RhbGwgLXkgaHR0cGQgJiYgc3lzdGVtY3RsIHN0YXJ0IGh0dHBkICYmIHN5c3RlbWN0bCBlbmFibGUgaHR0cGQpCgojIFZlcmlmeSBXb3JkUHJlc3MgaW5zdGFsbGF0aW9uCmlmIFsgISAtZiAiJHtNT1VOVF9QT0lOVH0vd3AtY29uZmlnLnBocCIgXTsgdGhlbgogICAgZ2l0IGNsb25lIGh0dHBzOi8vZ2l0aHViLmNvbS9zdGFja2l0Z2l0L0NsaVhYX1JldGFpbF9SZXBvc2l0b3J5LmdpdCAvdG1wL2NsaXh4X3JlY292ZXJ5CiAgICBbIC1kICIvdG1wL2NsaXh4X3JlY292ZXJ5IiBdICYmIHsKICAgICAgICBjcCAtciAvdG1wL2NsaXh4X3JlY292ZXJ5LyogJHtNT1VOVF9QT0lOVH0vIDI+L2Rldi9udWxsIHx8IHRydWUKICAgICAgICBjcCAtciAvdG1wL2NsaXh4X3JlY292ZXJ5Ly4qICR7TU9VTlRfUE9JTlR9LyAyPi9kZXYvbnVsbCB8fCB0cnVlCiAgICAgICAgcm0gLXJmIC90bXAvY2xpeHhfcmVjb3ZlcnkKICAgIH0KZmkKCmVjaG8gIj09PT09PT09PT09PT09PT09PT09PT09PT09PT09PT09PT09PT09PT09PT09PT09PT09PT09PT09PSIKZWNobyAiQ2xpWFggUmV0YWlsIEFwcGxpY2F0aW9uIGRlcGxveW1lbnQgY29tcGxldGUhIgplY2hvICJFRlMgZmlsZXN5c3RlbSAke0ZJTEVfU1lTVEVNX0lEfSBtb3VudGVkIGF0ICR7TU9VTlRfUE9JTlR9IgplY2hvICJQcml2YXRlIElQOiAke1BSSVZBVEVfSVB9IgplY2hvICJXZWJzaXRlIFVSTDogaHR0cHM6Ly9jbGl4eC5zdGFjay1jbGF5ZS5jb20iCmVjaG8gIj09PT09PT09PT09PT09PT09PT09PT09PT09PT09PT09PT09PT09PT09PT09PT09PT09PT09PT09PT0iCmV4aXQgMA==",
            "vpc_security_group_ids": []
          },
          "sensitive_attributes": [],
          "private": "bnVsbA==",
          "dependencies": [
            "aws_db_instance.clixx_db",
            "aws_db_parameter_group.mysql80",
            "aws_db_snapshot_copy.clixx_snapshot_copy",
            "aws_db_subnet_group.clixx_db_subnet_group",
            "aws_efs_file_system.clixx_efs",
            "aws_efs_mount_target.clixx_mount_target",
            "aws_eip.nat",
            "aws_iam_instance_profile.clixx_instance_profile",
            "aws_iam_role.clixx_deploy_role",
            "aws_internet_gateway.igw",
            "aws_lb.clixx_alb",
            "aws_nat_gateway.nat_gw",
            "aws_route_table.private_rt",
            "aws_route_table_association.private_app_rta",
            "aws_security_group.alb_sg",
            "aws_security_group.bastion_sg",
            "aws_security_group.ec2_sg",
            "aws_security_group.efs_sg",
            "aws_security_group.rds_sg",
            "aws_ssm_parameter.db_name",
            "aws_ssm_parameter.db_password",
            "aws_ssm_parameter.db_user",
            "aws_ssm_parameter.rds_endpoint",
            "aws_subnet.private_app",
            "aws_subnet.private_db",
            "aws_subnet.public",
            "aws_vpc.main"
          ]
        }
      ]
    },
    {
      "mode": "managed",
      "type": "aws_lb",
      "name": "clixx_alb",
      "provider": "provider[\"registry.terraform.io/hashicorp/aws\"]",
      "instances": [
        {
          "schema_version": 0,
          "attributes": {
            "access_logs": [
              {
                "bucket": "",
                "enabled": false,
                "prefix": ""
              }
            ],
            "arn": "arn:aws:elasticloadbalancing:us-east-1:924305315126:loadbalancer/app/clixx-alb/583c63882603ffbf",
            "arn_suffix": "app/clixx-alb/583c63882603ffbf",
            "customer_owned_ipv4_pool": "",
            "desync_mitigation_mode": "defensive",
            "dns_name": "clixx-alb-1940563691.us-east-1.elb.amazonaws.com",
            "drop_invalid_header_fields": false,
            "enable_cross_zone_load_balancing": true,
            "enable_deletion_protection": false,
            "enable_http2": true,
            "enable_tls_version_and_cipher_suite_headers": false,
            "enable_waf_fail_open": false,
            "enable_xff_client_port": false,
            "id": "arn:aws:elasticloadbalancing:us-east-1:924305315126:loadbalancer/app/clixx-alb/583c63882603ffbf",
            "idle_timeout": 60,
            "internal": false,
            "ip_address_type": "ipv4",
            "load_balancer_type": "application",
            "name": "clixx-alb",
            "name_prefix": null,
            "preserve_host_header": false,
            "security_groups": [
              "sg-061d7c0cfb7150cd5"
            ],
            "subnet_mapping": [
              {
                "allocation_id": "",
                "ipv6_address": "",
                "outpost_id": "",
                "private_ipv4_address": "",
                "subnet_id": "subnet-0ceb967bf88c837d8"
              },
              {
                "allocation_id": "",
                "ipv6_address": "",
                "outpost_id": "",
                "private_ipv4_address": "",
                "subnet_id": "subnet-0f880b7d48ad89ae2"
              }
            ],
            "subnets": [
              "subnet-0ceb967bf88c837d8",
              "subnet-0f880b7d48ad89ae2"
            ],
            "tags": {
              "CreatedBy": "Terraform",
              "ManagedBy": "Terraform",
              "Name": "clixx-alb",
              "Project": "Clixx Retail",
              "Stackteam": "StackCloud13",
              "owner": "richard.claye@gmail.com"
            },
            "tags_all": {
              "CreatedBy": "Terraform",
              "ManagedBy": "Terraform",
              "Name": "clixx-alb",
              "Project": "Clixx Retail",
              "Stackteam": "StackCloud13",
              "owner": "richard.claye@gmail.com"
            },
            "timeouts": null,
            "vpc_id": "vpc-026a6d22a73033461",
            "xff_header_processing_mode": "append",
            "zone_id": "Z35SXDOTRQ7X7K"
          },
          "sensitive_attributes": [],
          "private": "eyJlMmJmYjczMC1lY2FhLTExZTYtOGY4OC0zNDM2M2JjN2M0YzAiOnsiY3JlYXRlIjo2MDAwMDAwMDAwMDAsImRlbGV0ZSI6NjAwMDAwMDAwMDAwLCJ1cGRhdGUiOjYwMDAwMDAwMDAwMH19",
          "dependencies": [
            "aws_security_group.alb_sg",
            "aws_subnet.public",
            "aws_vpc.main"
          ]
        }
      ]
    },
    {
      "mode": "managed",
      "type": "aws_lb_target_group",
      "name": "clixx_tg",
      "provider": "provider[\"registry.terraform.io/hashicorp/aws\"]",
      "instances": [
        {
          "schema_version": 0,
          "attributes": {
            "arn": "arn:aws:elasticloadbalancing:us-east-1:924305315126:targetgroup/clixx-target-group/a56e136d5b39a31e",
            "arn_suffix": "targetgroup/clixx-target-group/a56e136d5b39a31e",
            "connection_termination": false,
            "deregistration_delay": "300",
            "health_check": [
              {
                "enabled": true,
                "healthy_threshold": 2,
                "interval": 30,
                "matcher": "200-499",
                "path": "/health.php",
                "port": "traffic-port",
                "protocol": "HTTP",
                "timeout": 10,
                "unhealthy_threshold": 10
              }
            ],
            "id": "arn:aws:elasticloadbalancing:us-east-1:924305315126:targetgroup/clixx-target-group/a56e136d5b39a31e",
            "ip_address_type": "ipv4",
            "lambda_multi_value_headers_enabled": false,
            "load_balancing_algorithm_type": "round_robin",
            "load_balancing_cross_zone_enabled": "use_load_balancer_configuration",
            "name": "clixx-target-group",
            "name_prefix": null,
            "port": 80,
            "preserve_client_ip": null,
            "protocol": "HTTP",
            "protocol_version": "HTTP1",
            "proxy_protocol_v2": false,
            "slow_start": 0,
            "stickiness": [
              {
                "cookie_duration": 86400,
                "cookie_name": "",
                "enabled": false,
                "type": "lb_cookie"
              }
            ],
            "tags": {
              "CreatedBy": "Terraform",
              "ManagedBy": "Terraform",
              "Name": "clixx-target-group",
              "Project": "Clixx Retail",
              "Stackteam": "StackCloud13",
              "owner": "richard.claye@gmail.com"
            },
            "tags_all": {
              "CreatedBy": "Terraform",
              "ManagedBy": "Terraform",
              "Name": "clixx-target-group",
              "Project": "Clixx Retail",
              "Stackteam": "StackCloud13",
              "owner": "richard.claye@gmail.com"
            },
            "target_failover": [
              {
                "on_deregistration": null,
                "on_unhealthy": null
              }
            ],
            "target_type": "instance",
            "vpc_id": "vpc-026a6d22a73033461"
          },
          "sensitive_attributes": [],
          "private": "bnVsbA==",
          "dependencies": [
            "aws_vpc.main"
          ]
        }
      ]
    },
    {
      "mode": "managed",
      "type": "aws_nat_gateway",
      "name": "nat_gw",
      "provider": "provider[\"registry.terraform.io/hashicorp/aws\"]",
      "instances": [
        {
          "index_key": 0,
          "schema_version": 0,
          "attributes": {
            "allocation_id": "eipalloc-0bed61dbc520cfd1c",
            "association_id": "eipassoc-02eaf35d6937e3aee",
            "connectivity_type": "public",
            "id": "nat-00188b26939f37a65",
            "network_interface_id": "eni-02c32f5ab635c7852",
            "private_ip": "10.0.1.57",
            "public_ip": "34.193.248.194",
            "subnet_id": "subnet-0f880b7d48ad89ae2",
            "tags": {
              "Environment": "prod",
              "ManagedBy": "Terraform",
              "Name": "clixx-nat-gateway-1",
              "Project": "Clixx Retail"
            },
            "tags_all": {
              "Environment": "prod",
              "ManagedBy": "Terraform",
              "Name": "clixx-nat-gateway-1",
              "Project": "Clixx Retail"
            }
          },
          "sensitive_attributes": [],
          "private": "bnVsbA==",
          "dependencies": [
            "aws_eip.nat",
            "aws_internet_gateway.igw",
            "aws_subnet.public",
            "aws_vpc.main"
          ]
        },
        {
          "index_key": 1,
          "schema_version": 0,
          "attributes": {
            "allocation_id": "eipalloc-094fc1bbeca59d844",
            "association_id": "eipassoc-0197c65d8a2e4f5ea",
            "connectivity_type": "public",
            "id": "nat-00d9fd727f4ba9145",
            "network_interface_id": "eni-0643680d8b53d3535",
            "private_ip": "10.0.2.216",
            "public_ip": "3.234.163.146",
            "subnet_id": "subnet-0ceb967bf88c837d8",
            "tags": {
              "Environment": "prod",
              "ManagedBy": "Terraform",
              "Name": "clixx-nat-gateway-2",
              "Project": "Clixx Retail"
            },
            "tags_all": {
              "Environment": "prod",
              "ManagedBy": "Terraform",
              "Name": "clixx-nat-gateway-2",
              "Project": "Clixx Retail"
            }
          },
          "sensitive_attributes": [],
          "private": "bnVsbA==",
          "dependencies": [
            "aws_eip.nat",
            "aws_internet_gateway.igw",
            "aws_subnet.public",
            "aws_vpc.main"
          ]
        }
      ]
    },
    {
      "mode": "managed",
      "type": "aws_route_table",
      "name": "private_rt",
      "provider": "provider[\"registry.terraform.io/hashicorp/aws\"]",
      "instances": [
        {
          "index_key": 0,
          "schema_version": 0,
          "attributes": {
            "arn": "arn:aws:ec2:us-east-1:924305315126:route-table/rtb-0959d0cf85fe959ce",
            "id": "rtb-0959d0cf85fe959ce",
            "owner_id": "924305315126",
            "propagating_vgws": [],
            "route": [
              {
                "carrier_gateway_id": "",
                "cidr_block": "0.0.0.0/0",
                "core_network_arn": "",
                "destination_prefix_list_id": "",
                "egress_only_gateway_id": "",
                "gateway_id": "",
                "instance_id": "",
                "ipv6_cidr_block": "",
                "local_gateway_id": "",
                "nat_gateway_id": "nat-00188b26939f37a65",
                "network_interface_id": "",
                "transit_gateway_id": "",
                "vpc_endpoint_id": "",
                "vpc_peering_connection_id": ""
              }
            ],
            "tags": {
              "Environment": "prod",
              "ManagedBy": "Terraform",
              "Name": "clixx-private-route-table-1",
              "Project": "Clixx Retail"
            },
            "tags_all": {
              "Environment": "prod",
              "ManagedBy": "Terraform",
              "Name": "clixx-private-route-table-1",
              "Project": "Clixx Retail"
            },
            "timeouts": null,
            "vpc_id": "vpc-026a6d22a73033461"
          },
          "sensitive_attributes": [],
          "private": "eyJlMmJmYjczMC1lY2FhLTExZTYtOGY4OC0zNDM2M2JjN2M0YzAiOnsiY3JlYXRlIjozMDAwMDAwMDAwMDAsImRlbGV0ZSI6MzAwMDAwMDAwMDAwLCJ1cGRhdGUiOjEyMDAwMDAwMDAwMH19",
          "dependencies": [
            "aws_eip.nat",
            "aws_internet_gateway.igw",
            "aws_nat_gateway.nat_gw",
            "aws_subnet.public",
            "aws_vpc.main"
          ]
        },
        {
          "index_key": 1,
          "schema_version": 0,
          "attributes": {
            "arn": "arn:aws:ec2:us-east-1:924305315126:route-table/rtb-0766d49c66a3403ed",
            "id": "rtb-0766d49c66a3403ed",
            "owner_id": "924305315126",
            "propagating_vgws": [],
            "route": [
              {
                "carrier_gateway_id": "",
                "cidr_block": "0.0.0.0/0",
                "core_network_arn": "",
                "destination_prefix_list_id": "",
                "egress_only_gateway_id": "",
                "gateway_id": "",
                "instance_id": "",
                "ipv6_cidr_block": "",
                "local_gateway_id": "",
                "nat_gateway_id": "nat-00d9fd727f4ba9145",
                "network_interface_id": "",
                "transit_gateway_id": "",
                "vpc_endpoint_id": "",
                "vpc_peering_connection_id": ""
              }
            ],
            "tags": {
              "Environment": "prod",
              "ManagedBy": "Terraform",
              "Name": "clixx-private-route-table-2",
              "Project": "Clixx Retail"
            },
            "tags_all": {
              "Environment": "prod",
              "ManagedBy": "Terraform",
              "Name": "clixx-private-route-table-2",
              "Project": "Clixx Retail"
            },
            "timeouts": null,
            "vpc_id": "vpc-026a6d22a73033461"
          },
          "sensitive_attributes": [],
          "private": "eyJlMmJmYjczMC1lY2FhLTExZTYtOGY4OC0zNDM2M2JjN2M0YzAiOnsiY3JlYXRlIjozMDAwMDAwMDAwMDAsImRlbGV0ZSI6MzAwMDAwMDAwMDAwLCJ1cGRhdGUiOjEyMDAwMDAwMDAwMH19",
          "dependencies": [
            "aws_eip.nat",
            "aws_internet_gateway.igw",
            "aws_nat_gateway.nat_gw",
            "aws_subnet.public",
            "aws_vpc.main"
          ]
        }
      ]
    },
    {
      "mode": "managed",
      "type": "aws_route_table_association",
      "name": "private_app_rta",
      "provider": "provider[\"registry.terraform.io/hashicorp/aws\"]",
      "instances": [
        {
          "index_key": 0,
          "schema_version": 0,
          "attributes": {
            "gateway_id": "",
            "id": "rtbassoc-022706223719beb5d",
            "route_table_id": "rtb-0959d0cf85fe959ce",
            "subnet_id": "subnet-03366959dfe4f4a56",
            "timeouts": null
          },
          "sensitive_attributes": [],
          "private": "eyJlMmJmYjczMC1lY2FhLTExZTYtOGY4OC0zNDM2M2JjN2M0YzAiOnsiY3JlYXRlIjozMDAwMDAwMDAwMDAsImRlbGV0ZSI6MzAwMDAwMDAwMDAwLCJ1cGRhdGUiOjEyMDAwMDAwMDAwMH19",
          "dependencies": [
            "aws_eip.nat",
            "aws_internet_gateway.igw",
            "aws_nat_gateway.nat_gw",
            "aws_route_table.private_rt",
            "aws_subnet.private_app",
            "aws_subnet.public",
            "aws_vpc.main"
          ]
        },
        {
          "index_key": 1,
          "schema_version": 0,
          "attributes": {
            "gateway_id": "",
            "id": "rtbassoc-053ddd6a1df40f3b6",
            "route_table_id": "rtb-0766d49c66a3403ed",
            "subnet_id": "subnet-0b1d1a42731d51bb4",
            "timeouts": null
          },
          "sensitive_attributes": [],
          "private": "eyJlMmJmYjczMC1lY2FhLTExZTYtOGY4OC0zNDM2M2JjN2M0YzAiOnsiY3JlYXRlIjozMDAwMDAwMDAwMDAsImRlbGV0ZSI6MzAwMDAwMDAwMDAwLCJ1cGRhdGUiOjEyMDAwMDAwMDAwMH19",
          "dependencies": [
            "aws_eip.nat",
            "aws_internet_gateway.igw",
            "aws_nat_gateway.nat_gw",
            "aws_route_table.private_rt",
            "aws_subnet.private_app",
            "aws_subnet.public",
            "aws_vpc.main"
          ]
        }
      ]
    },
    {
      "mode": "managed",
      "type": "aws_security_group",
      "name": "alb_sg",
      "provider": "provider[\"registry.terraform.io/hashicorp/aws\"]",
      "instances": [
        {
          "schema_version": 1,
          "attributes": {
            "arn": "arn:aws:ec2:us-east-1:924305315126:security-group/sg-061d7c0cfb7150cd5",
            "description": "Security group for Application Load Balancer",
            "egress": [
              {
                "cidr_blocks": [
                  "0.0.0.0/0"
                ],
                "description": "",
                "from_port": 0,
                "ipv6_cidr_blocks": [],
                "prefix_list_ids": [],
                "protocol": "-1",
                "security_groups": [],
                "self": false,
                "to_port": 0
              }
            ],
            "id": "sg-061d7c0cfb7150cd5",
            "ingress": [
              {
                "cidr_blocks": [
                  "0.0.0.0/0"
                ],
                "description": "HTTP from anywhere",
                "from_port": 80,
                "ipv6_cidr_blocks": [],
                "prefix_list_ids": [],
                "protocol": "tcp",
                "security_groups": [],
                "self": false,
                "to_port": 80
              },
              {
                "cidr_blocks": [
                  "0.0.0.0/0"
                ],
                "description": "HTTPS from anywhere",
                "from_port": 443,
                "ipv6_cidr_blocks": [],
                "prefix_list_ids": [],
                "protocol": "tcp",
                "security_groups": [],
                "self": false,
                "to_port": 443
              }
            ],
            "name": "clixx-alb-sg",
            "name_prefix": "",
            "owner_id": "924305315126",
            "revoke_rules_on_delete": false,
            "tags": {
              "CreatedBy": "Terraform",
              "Name": "clixx-alb-sg",
              "Stackteam": "StackCloud13",
              "owner": "richard.claye@gmail.com"
            },
            "tags_all": {
              "CreatedBy": "Terraform",
              "Name": "clixx-alb-sg",
              "Stackteam": "StackCloud13",
              "owner": "richard.claye@gmail.com"
            },
            "timeouts": null,
            "vpc_id": "vpc-026a6d22a73033461"
          },
          "sensitive_attributes": [],
          "private": "eyJlMmJmYjczMC1lY2FhLTExZTYtOGY4OC0zNDM2M2JjN2M0YzAiOnsiY3JlYXRlIjo2MDAwMDAwMDAwMDAsImRlbGV0ZSI6OTAwMDAwMDAwMDAwfSwic2NoZW1hX3ZlcnNpb24iOiIxIn0=",
          "dependencies": [
            "aws_vpc.main"
          ]
        }
      ]
    },
    {
      "mode": "managed",
      "type": "aws_security_group",
      "name": "bastion_sg",
      "provider": "provider[\"registry.terraform.io/hashicorp/aws\"]",
      "instances": [
        {
          "schema_version": 1,
          "attributes": {
            "arn": "arn:aws:ec2:us-east-1:924305315126:security-group/sg-0e23031127a7f24da",
            "description": "Security group for bastion host",
            "egress": [
              {
                "cidr_blocks": [
                  "0.0.0.0/0"
                ],
                "description": "Allow all outbound traffic",
                "from_port": 0,
                "ipv6_cidr_blocks": [],
                "prefix_list_ids": [],
                "protocol": "-1",
                "security_groups": [],
                "self": false,
                "to_port": 0
              }
            ],
            "id": "sg-0e23031127a7f24da",
            "ingress": [
              {
                "cidr_blocks": [
                  "0.0.0.0/0"
                ],
                "description": "HTTP access to bastion host",
                "from_port": 80,
                "ipv6_cidr_blocks": [],
                "prefix_list_ids": [],
                "protocol": "tcp",
                "security_groups": [],
                "self": false,
                "to_port": 80
              },
              {
                "cidr_blocks": [
                  "0.0.0.0/0"
                ],
                "description": "HTTPS access to bastion host",
                "from_port": 443,
                "ipv6_cidr_blocks": [],
                "prefix_list_ids": [],
                "protocol": "tcp",
                "security_groups": [],
                "self": false,
                "to_port": 443
              },
              {
                "cidr_blocks": [
                  "0.0.0.0/0"
                ],
                "description": "SSH access to bastion host",
                "from_port": 22,
                "ipv6_cidr_blocks": [],
                "prefix_list_ids": [],
                "protocol": "tcp",
                "security_groups": [],
                "self": false,
                "to_port": 22
              },
              {
                "cidr_blocks": [],
                "description": "Allow all TCP traffic between instances in this security group",
                "from_port": 0,
                "ipv6_cidr_blocks": [],
                "prefix_list_ids": [],
                "protocol": "tcp",
                "security_groups": [],
                "self": true,
                "to_port": 65535
              }
            ],
            "name": "clixx-bastion-sg",
            "name_prefix": "",
            "owner_id": "924305315126",
            "revoke_rules_on_delete": false,
            "tags": {
              "ManagedBy": "Terraform",
              "Name": "clixx-bastion-sg",
              "Project": "Clixx Retail"
            },
            "tags_all": {
              "ManagedBy": "Terraform",
              "Name": "clixx-bastion-sg",
              "Project": "Clixx Retail"
            },
            "timeouts": null,
            "vpc_id": "vpc-026a6d22a73033461"
          },
          "sensitive_attributes": [],
          "private": "eyJlMmJmYjczMC1lY2FhLTExZTYtOGY4OC0zNDM2M2JjN2M0YzAiOnsiY3JlYXRlIjo2MDAwMDAwMDAwMDAsImRlbGV0ZSI6OTAwMDAwMDAwMDAwfSwic2NoZW1hX3ZlcnNpb24iOiIxIn0=",
          "dependencies": [
            "aws_vpc.main"
          ]
        }
      ]
    },
    {
      "mode": "managed",
      "type": "aws_security_group",
      "name": "ec2_sg",
      "provider": "provider[\"registry.terraform.io/hashicorp/aws\"]",
      "instances": [
        {
          "schema_version": 1,
          "attributes": {
            "arn": "arn:aws:ec2:us-east-1:924305315126:security-group/sg-022f493b27a04afc7",
            "description": "Security group for EC2 instances",
            "egress": [
              {
                "cidr_blocks": [
                  "0.0.0.0/0"
                ],
                "description": "",
                "from_port": 0,
                "ipv6_cidr_blocks": [],
                "prefix_list_ids": [],
                "protocol": "-1",
                "security_groups": [],
                "self": false,
                "to_port": 0
              }
            ],
            "id": "sg-022f493b27a04afc7",
            "ingress": [
              {
                "cidr_blocks": [],
                "description": "HTTP from ALB",
                "from_port": 80,
                "ipv6_cidr_blocks": [],
                "prefix_list_ids": [],
                "protocol": "tcp",
                "security_groups": [
                  "sg-061d7c0cfb7150cd5"
                ],
                "self": false,
                "to_port": 80
              },
              {
                "cidr_blocks": [],
                "description": "HTTPS from ALB",
                "from_port": 443,
                "ipv6_cidr_blocks": [],
                "prefix_list_ids": [],
                "protocol": "tcp",
                "security_groups": [
                  "sg-061d7c0cfb7150cd5"
                ],
                "self": false,
                "to_port": 443
              },
              {
                "cidr_blocks": [],
                "description": "SSH from Bastion",
                "from_port": 22,
                "ipv6_cidr_blocks": [],
                "prefix_list_ids": [],
                "protocol": "tcp",
                "security_groups": [
                  "sg-0e23031127a7f24da"
                ],
                "self": false,
                "to_port": 22
              }
            ],
            "name": "clixx-ec2-sg",
            "name_prefix": "",
            "owner_id": "924305315126",
            "revoke_rules_on_delete": false,
            "tags": {
              "CreatedBy": "Terraform",
              "Name": "clixx-ec2-sg",
              "Stackteam": "StackCloud13",
              "owner": "richard.claye@gmail.com"
            },
            "tags_all": {
              "CreatedBy": "Terraform",
              "Name": "clixx-ec2-sg",
              "Stackteam": "StackCloud13",
              "owner": "richard.claye@gmail.com"
            },
            "timeouts": null,
            "vpc_id": "vpc-026a6d22a73033461"
          },
          "sensitive_attributes": [],
          "private": "eyJlMmJmYjczMC1lY2FhLTExZTYtOGY4OC0zNDM2M2JjN2M0YzAiOnsiY3JlYXRlIjo2MDAwMDAwMDAwMDAsImRlbGV0ZSI6OTAwMDAwMDAwMDAwfSwic2NoZW1hX3ZlcnNpb24iOiIxIn0=",
          "dependencies": [
            "aws_security_group.alb_sg",
            "aws_security_group.bastion_sg",
            "aws_vpc.main"
          ]
        }
      ]
    },
    {
      "mode": "managed",
      "type": "aws_security_group",
      "name": "efs_sg",
      "provider": "provider[\"registry.terraform.io/hashicorp/aws\"]",
      "instances": [
        {
          "schema_version": 1,
          "attributes": {
            "arn": "arn:aws:ec2:us-east-1:924305315126:security-group/sg-0019895b8ad03a05e",
            "description": "Security group for EFS Mount Targets",
            "egress": [
              {
                "cidr_blocks": [
                  "0.0.0.0/0"
                ],
                "description": "",
                "from_port": 0,
                "ipv6_cidr_blocks": [],
                "prefix_list_ids": [],
                "protocol": "-1",
                "security_groups": [],
                "self": false,
                "to_port": 0
              }
            ],
            "id": "sg-0019895b8ad03a05e",
            "ingress": [
              {
                "cidr_blocks": [
                  "10.0.0.0/16"
                ],
                "description": "NFS from VPC CIDR",
                "from_port": 2049,
                "ipv6_cidr_blocks": [],
                "prefix_list_ids": [],
                "protocol": "tcp",
                "security_groups": [],
                "self": false,
                "to_port": 2049
              },
              {
                "cidr_blocks": [],
                "description": "NFS from Bastion hosts",
                "from_port": 2049,
                "ipv6_cidr_blocks": [],
                "prefix_list_ids": [],
                "protocol": "tcp",
                "security_groups": [
                  "sg-0e23031127a7f24da"
                ],
                "self": false,
                "to_port": 2049
              },
              {
                "cidr_blocks": [],
                "description": "NFS from EC2 instances",
                "from_port": 2049,
                "ipv6_cidr_blocks": [],
                "prefix_list_ids": [],
                "protocol": "tcp",
                "security_groups": [
                  "sg-022f493b27a04afc7"
                ],
                "self": false,
                "to_port": 2049
              }
            ],
            "name": "clixx-efs-sg",
            "name_prefix": "",
            "owner_id": "924305315126",
            "revoke_rules_on_delete": false,
            "tags": {
              "CreatedBy": "Terraform",
              "Name": "clixx-efs-sg",
              "Owner": "Richard.claye@gmail.com",
              "Stackteam": "StackCloud13",
              "owner": "richard.claye@gmail.com"
            },
            "tags_all": {
              "CreatedBy": "Terraform",
              "Name": "clixx-efs-sg",
              "Owner": "Richard.claye@gmail.com",
              "Stackteam": "StackCloud13",
              "owner": "richard.claye@gmail.com"
            },
            "timeouts": null,
            "vpc_id": "vpc-026a6d22a73033461"
          },
          "sensitive_attributes": [],
          "private": "eyJlMmJmYjczMC1lY2FhLTExZTYtOGY4OC0zNDM2M2JjN2M0YzAiOnsiY3JlYXRlIjo2MDAwMDAwMDAwMDAsImRlbGV0ZSI6OTAwMDAwMDAwMDAwfSwic2NoZW1hX3ZlcnNpb24iOiIxIn0=",
          "dependencies": [
            "aws_security_group.alb_sg",
            "aws_security_group.bastion_sg",
            "aws_security_group.ec2_sg",
            "aws_vpc.main"
          ]
        }
      ]
    },
    {
      "mode": "managed",
      "type": "aws_security_group",
      "name": "rds_sg",
      "provider": "provider[\"registry.terraform.io/hashicorp/aws\"]",
      "instances": [
        {
          "schema_version": 1,
          "attributes": {
            "arn": "arn:aws:ec2:us-east-1:924305315126:security-group/sg-035ecbe79148610ea",
            "description": "Security group for RDS instances",
            "egress": [
              {
                "cidr_blocks": [
                  "0.0.0.0/0"
                ],
                "description": "",
                "from_port": 0,
                "ipv6_cidr_blocks": [],
                "prefix_list_ids": [],
                "protocol": "-1",
                "security_groups": [],
                "self": false,
                "to_port": 0
              }
            ],
            "id": "sg-035ecbe79148610ea",
            "ingress": [
              {
                "cidr_blocks": [],
                "description": "MySQL from Bastion Host",
                "from_port": 3306,
                "ipv6_cidr_blocks": [],
                "prefix_list_ids": [],
                "protocol": "tcp",
                "security_groups": [
                  "sg-0e23031127a7f24da"
                ],
                "self": false,
                "to_port": 3306
              },
              {
                "cidr_blocks": [],
                "description": "MySQL from EC2 instances",
                "from_port": 3306,
                "ipv6_cidr_blocks": [],
                "prefix_list_ids": [],
                "protocol": "tcp",
                "security_groups": [
                  "sg-022f493b27a04afc7"
                ],
                "self": false,
                "to_port": 3306
              }
            ],
            "name": "clixx-rds-sg",
            "name_prefix": "",
            "owner_id": "924305315126",
            "revoke_rules_on_delete": false,
            "tags": {
              "CreatedBy": "Terraform",
              "Name": "clixx-rds-sg",
              "Stackteam": "StackCloud13",
              "owner": "richard.claye@gmail.com"
            },
            "tags_all": {
              "CreatedBy": "Terraform",
              "Name": "clixx-rds-sg",
              "Stackteam": "StackCloud13",
              "owner": "richard.claye@gmail.com"
            },
            "timeouts": null,
            "vpc_id": "vpc-026a6d22a73033461"
          },
          "sensitive_attributes": [],
          "private": "eyJlMmJmYjczMC1lY2FhLTExZTYtOGY4OC0zNDM2M2JjN2M0YzAiOnsiY3JlYXRlIjo2MDAwMDAwMDAwMDAsImRlbGV0ZSI6OTAwMDAwMDAwMDAwfSwic2NoZW1hX3ZlcnNpb24iOiIxIn0=",
          "dependencies": [
            "aws_security_group.alb_sg",
            "aws_security_group.bastion_sg",
            "aws_security_group.ec2_sg",
            "aws_vpc.main"
          ]
        }
      ]
    },
    {
      "mode": "managed",
      "type": "aws_ssm_parameter",
      "name": "db_name",
      "provider": "provider[\"registry.terraform.io/hashicorp/aws\"]",
      "instances": [
        {
          "schema_version": 0,
          "attributes": {
            "allowed_pattern": "",
            "arn": "arn:aws:ssm:us-east-1:924305315126:parameter/clixx/db_name",
            "data_type": "text",
            "description": "",
            "id": "/clixx/db_name",
            "insecure_value": null,
            "key_id": "",
            "name": "/clixx/db_name",
            "overwrite": null,
            "tags": {},
            "tags_all": {},
            "tier": "Standard",
            "type": "String",
            "value": "wordpressdb",
            "version": 1
          },
          "sensitive_attributes": [
            [
              {
                "type": "get_attr",
                "value": "value"
              }
            ]
          ],
          "private": "bnVsbA==",
          "dependencies": [
            "aws_db_instance.clixx_db",
            "aws_db_parameter_group.mysql80",
            "aws_db_snapshot_copy.clixx_snapshot_copy",
            "aws_db_subnet_group.clixx_db_subnet_group",
            "aws_security_group.alb_sg",
            "aws_security_group.bastion_sg",
            "aws_security_group.ec2_sg",
            "aws_security_group.rds_sg",
            "aws_subnet.private_db",
            "aws_vpc.main"
          ]
        }
      ]
    },
    {
      "mode": "managed",
      "type": "aws_ssm_parameter",
      "name": "db_password",
      "provider": "provider[\"registry.terraform.io/hashicorp/aws\"]",
      "instances": [
        {
          "schema_version": 0,
          "attributes": {
            "allowed_pattern": "",
            "arn": "arn:aws:ssm:us-east-1:924305315126:parameter/clixx/db_password",
            "data_type": "text",
            "description": "",
            "id": "/clixx/db_password",
            "insecure_value": null,
            "key_id": "alias/aws/ssm",
            "name": "/clixx/db_password",
            "overwrite": true,
            "tags": {},
            "tags_all": {},
            "tier": "Standard",
            "type": "SecureString",
            "value": "W3lcome123",
            "version": 1
          },
          "sensitive_attributes": [
            [
              {
                "type": "get_attr",
                "value": "value"
              }
            ]
          ],
          "private": "bnVsbA=="
        }
      ]
    },
    {
      "mode": "managed",
      "type": "aws_ssm_parameter",
      "name": "db_user",
      "provider": "provider[\"registry.terraform.io/hashicorp/aws\"]",
      "instances": [
        {
          "schema_version": 0,
          "attributes": {
            "allowed_pattern": "",
            "arn": "arn:aws:ssm:us-east-1:924305315126:parameter/clixx/db_user",
            "data_type": "text",
            "description": "",
            "id": "/clixx/db_user",
            "insecure_value": null,
            "key_id": "",
            "name": "/clixx/db_user",
            "overwrite": null,
            "tags": {},
            "tags_all": {},
            "tier": "Standard",
            "type": "String",
            "value": "wordpressuser",
            "version": 1
          },
          "sensitive_attributes": [
            [
              {
                "type": "get_attr",
                "value": "value"
              }
            ]
          ],
          "private": "bnVsbA=="
        }
      ]
    },
    {
      "mode": "managed",
      "type": "aws_ssm_parameter",
      "name": "efs_id",
      "provider": "provider[\"registry.terraform.io/hashicorp/aws\"]",
      "instances": [
        {
          "schema_version": 0,
          "attributes": {
            "allowed_pattern": "",
            "arn": "arn:aws:ssm:us-east-1:924305315126:parameter/clixx/efs_id",
            "data_type": "text",
            "description": "",
            "id": "/clixx/efs_id",
            "insecure_value": null,
            "key_id": "",
            "name": "/clixx/efs_id",
            "overwrite": null,
            "tags": {},
            "tags_all": {},
            "tier": "Standard",
            "type": "String",
            "value": "fs-0a859517ac2bc9619",
            "version": 1
          },
          "sensitive_attributes": [
            [
              {
                "type": "get_attr",
                "value": "value"
              }
            ]
          ],
          "private": "bnVsbA==",
          "dependencies": [
            "aws_efs_file_system.clixx_efs",
            "aws_security_group.alb_sg",
            "aws_security_group.bastion_sg",
            "aws_security_group.ec2_sg",
            "aws_security_group.efs_sg",
            "aws_vpc.main"
          ]
        }
      ]
    },
    {
      "mode": "managed",
      "type": "aws_ssm_parameter",
      "name": "hosted_zone_id",
      "provider": "provider[\"registry.terraform.io/hashicorp/aws\"]",
      "instances": [
        {
          "schema_version": 0,
          "attributes": {
            "allowed_pattern": "",
            "arn": "arn:aws:ssm:us-east-1:924305315126:parameter/clixx/hosted_zone_id",
            "data_type": "text",
            "description": "",
            "id": "/clixx/hosted_zone_id",
            "insecure_value": null,
            "key_id": "",
            "name": "/clixx/hosted_zone_id",
            "overwrite": null,
            "tags": {},
            "tags_all": {},
            "tier": "Standard",
            "type": "String",
            "value": "Z10122851S4603DWSA3ZK",
            "version": 1
          },
          "sensitive_attributes": [
            [
              {
                "type": "get_attr",
                "value": "value"
              }
            ]
          ],
          "private": "bnVsbA==",
          "dependencies": [
            "data.aws_route53_zone.clixx_zone"
          ]
        }
      ]
    },
    {
      "mode": "managed",
      "type": "aws_ssm_parameter",
      "name": "hosted_zone_name",
      "provider": "provider[\"registry.terraform.io/hashicorp/aws\"]",
      "instances": [
        {
          "schema_version": 0,
          "attributes": {
            "allowed_pattern": "",
            "arn": "arn:aws:ssm:us-east-1:924305315126:parameter/clixx/hosted_zone_name",
            "data_type": "text",
            "description": "",
            "id": "/clixx/hosted_zone_name",
            "insecure_value": null,
            "key_id": "",
            "name": "/clixx/hosted_zone_name",
            "overwrite": null,
            "tags": {},
            "tags_all": {},
            "tier": "Standard",
            "type": "String",
            "value": "stack-claye.com",
            "version": 1
          },
          "sensitive_attributes": [
            [
              {
                "type": "get_attr",
                "value": "value"
              }
            ]
          ],
          "private": "bnVsbA=="
        }
      ]
    },
    {
      "mode": "managed",
      "type": "aws_ssm_parameter",
      "name": "hosted_zone_record",
      "provider": "provider[\"registry.terraform.io/hashicorp/aws\"]",
      "instances": [
        {
          "schema_version": 0,
          "attributes": {
            "allowed_pattern": "",
            "arn": "arn:aws:ssm:us-east-1:924305315126:parameter/clixx/hosted_zone_record",
            "data_type": "text",
            "description": "",
            "id": "/clixx/hosted_zone_record",
            "insecure_value": null,
            "key_id": "",
            "name": "/clixx/hosted_zone_record",
            "overwrite": null,
            "tags": {},
            "tags_all": {},
            "tier": "Standard",
            "type": "String",
            "value": "clixx.stack-claye.com",
            "version": 1
          },
          "sensitive_attributes": [
            [
              {
                "type": "get_attr",
                "value": "value"
              }
            ]
          ],
          "private": "bnVsbA=="
        }
      ]
    },
    {
      "mode": "managed",
      "type": "aws_ssm_parameter",
      "name": "lb_dns",
      "provider": "provider[\"registry.terraform.io/hashicorp/aws\"]",
      "instances": [
        {
          "schema_version": 0,
          "attributes": {
            "allowed_pattern": "",
            "arn": "arn:aws:ssm:us-east-1:924305315126:parameter/clixx/lb_dns",
            "data_type": "text",
            "description": "",
            "id": "/clixx/lb_dns",
            "insecure_value": null,
            "key_id": "",
            "name": "/clixx/lb_dns",
            "overwrite": null,
            "tags": {},
            "tags_all": {},
            "tier": "Standard",
            "type": "String",
            "value": "clixx-alb-1940563691.us-east-1.elb.amazonaws.com",
            "version": 1
          },
          "sensitive_attributes": [
            [
              {
                "type": "get_attr",
                "value": "value"
              }
            ]
          ],
          "private": "bnVsbA==",
          "dependencies": [
            "aws_lb.clixx_alb",
            "aws_security_group.alb_sg",
            "aws_subnet.public",
            "aws_vpc.main"
          ]
        }
      ]
    },
    {
      "mode": "managed",
      "type": "aws_ssm_parameter",
      "name": "rds_endpoint",
      "provider": "provider[\"registry.terraform.io/hashicorp/aws\"]",
      "instances": [
        {
          "schema_version": 0,
          "attributes": {
            "allowed_pattern": "",
            "arn": "arn:aws:ssm:us-east-1:924305315126:parameter/clixx/RDS_ENDPOINT",
            "data_type": "text",
            "description": "",
            "id": "/clixx/RDS_ENDPOINT",
            "insecure_value": null,
            "key_id": "",
            "name": "/clixx/RDS_ENDPOINT",
            "overwrite": true,
            "tags": {},
            "tags_all": {},
            "tier": "Standard",
            "type": "String",
            "value": "clixx-db-instance.cy5secw8qpif.us-east-1.rds.amazonaws.com",
            "version": 1
          },
          "sensitive_attributes": [
            [
              {
                "type": "get_attr",
                "value": "value"
              }
            ]
          ],
          "private": "bnVsbA==",
          "dependencies": [
            "aws_db_instance.clixx_db",
            "aws_db_parameter_group.mysql80",
            "aws_db_snapshot_copy.clixx_snapshot_copy",
            "aws_db_subnet_group.clixx_db_subnet_group",
            "aws_security_group.alb_sg",
            "aws_security_group.bastion_sg",
            "aws_security_group.ec2_sg",
            "aws_security_group.rds_sg",
            "aws_subnet.private_db",
            "aws_vpc.main"
          ]
        }
      ]
    },
    {
      "mode": "managed",
      "type": "aws_ssm_parameter",
      "name": "wp_admin_email",
      "provider": "provider[\"registry.terraform.io/hashicorp/aws\"]",
      "instances": [
        {
          "schema_version": 0,
          "attributes": {
            "allowed_pattern": "",
            "arn": "arn:aws:ssm:us-east-1:924305315126:parameter/clixx/wp_admin_email",
            "data_type": "text",
            "description": "",
            "id": "/clixx/wp_admin_email",
            "insecure_value": null,
            "key_id": "",
            "name": "/clixx/wp_admin_email",
            "overwrite": null,
            "tags": {},
            "tags_all": {},
            "tier": "Standard",
            "type": "String",
            "value": "richard.claye@gmail.com",
            "version": 1
          },
          "sensitive_attributes": [
            [
              {
                "type": "get_attr",
                "value": "value"
              }
            ]
          ],
          "private": "bnVsbA=="
        }
      ]
    },
    {
      "mode": "managed",
      "type": "aws_ssm_parameter",
      "name": "wp_admin_password",
      "provider": "provider[\"registry.terraform.io/hashicorp/aws\"]",
      "instances": [
        {
          "schema_version": 0,
          "attributes": {
            "allowed_pattern": "",
            "arn": "arn:aws:ssm:us-east-1:924305315126:parameter/clixx/wp_admin_password",
            "data_type": "text",
            "description": "",
            "id": "/clixx/wp_admin_password",
            "insecure_value": null,
            "key_id": "alias/aws/ssm",
            "name": "/clixx/wp_admin_password",
            "overwrite": true,
            "tags": {},
            "tags_all": {},
            "tier": "Standard",
            "type": "SecureString",
            "value": "Stack#25!",
            "version": 1
          },
          "sensitive_attributes": [
            [
              {
                "type": "get_attr",
                "value": "value"
              }
            ]
          ],
          "private": "bnVsbA=="
        }
      ]
    },
    {
      "mode": "managed",
      "type": "aws_ssm_parameter",
      "name": "wp_admin_user",
      "provider": "provider[\"registry.terraform.io/hashicorp/aws\"]",
      "instances": [
        {
          "schema_version": 0,
          "attributes": {
            "allowed_pattern": "",
            "arn": "arn:aws:ssm:us-east-1:924305315126:parameter/clixx/wp_admin_user",
            "data_type": "text",
            "description": "",
            "id": "/clixx/wp_admin_user",
            "insecure_value": null,
            "key_id": "",
            "name": "/clixx/wp_admin_user",
            "overwrite": null,
            "tags": {},
            "tags_all": {},
            "tier": "Standard",
            "type": "String",
            "value": "clixxadmin",
            "version": 1
          },
          "sensitive_attributes": [
            [
              {
                "type": "get_attr",
                "value": "value"
              }
            ]
          ],
          "private": "bnVsbA=="
        }
      ]
    },
    {
      "mode": "managed",
      "type": "aws_subnet",
      "name": "private_app",
      "provider": "provider[\"registry.terraform.io/hashicorp/aws\"]",
      "instances": [
        {
          "index_key": 0,
          "schema_version": 1,
          "attributes": {
            "arn": "arn:aws:ec2:us-east-1:924305315126:subnet/subnet-03366959dfe4f4a56",
            "assign_ipv6_address_on_creation": false,
            "availability_zone": "us-east-1a",
            "availability_zone_id": "use1-az6",
            "cidr_block": "10.0.6.0/24",
            "customer_owned_ipv4_pool": "",
            "enable_dns64": false,
            "enable_lni_at_device_index": 0,
            "enable_resource_name_dns_a_record_on_launch": false,
            "enable_resource_name_dns_aaaa_record_on_launch": false,
            "id": "subnet-03366959dfe4f4a56",
            "ipv6_cidr_block": "",
            "ipv6_cidr_block_association_id": "",
            "ipv6_native": false,
            "map_customer_owned_ip_on_launch": false,
            "map_public_ip_on_launch": false,
            "outpost_arn": "",
            "owner_id": "924305315126",
            "private_dns_hostname_type_on_launch": "ip-name",
            "tags": {
              "Environment": "prod",
              "ManagedBy": "Terraform",
              "Name": "clixx-private-app-subnet-1",
              "Project": "Clixx Retail",
              "Purpose": "ApplicationServers",
              "Terraform": "true",
              "Tier": "private"
            },
            "tags_all": {
              "Environment": "prod",
              "ManagedBy": "Terraform",
              "Name": "clixx-private-app-subnet-1",
              "Project": "Clixx Retail",
              "Purpose": "ApplicationServers",
              "Terraform": "true",
              "Tier": "private"
            },
            "timeouts": null,
            "vpc_id": "vpc-026a6d22a73033461"
          },
          "sensitive_attributes": [],
          "private": "eyJlMmJmYjczMC1lY2FhLTExZTYtOGY4OC0zNDM2M2JjN2M0YzAiOnsiY3JlYXRlIjo2MDAwMDAwMDAwMDAsImRlbGV0ZSI6MTIwMDAwMDAwMDAwMH0sInNjaGVtYV92ZXJzaW9uIjoiMSJ9",
          "dependencies": [
            "aws_vpc.main"
          ]
        },
        {
          "index_key": 1,
          "schema_version": 1,
          "attributes": {
            "arn": "arn:aws:ec2:us-east-1:924305315126:subnet/subnet-0b1d1a42731d51bb4",
            "assign_ipv6_address_on_creation": false,
            "availability_zone": "us-east-1b",
            "availability_zone_id": "use1-az1",
            "cidr_block": "10.0.7.0/24",
            "customer_owned_ipv4_pool": "",
            "enable_dns64": false,
            "enable_lni_at_device_index": 0,
            "enable_resource_name_dns_a_record_on_launch": false,
            "enable_resource_name_dns_aaaa_record_on_launch": false,
            "id": "subnet-0b1d1a42731d51bb4",
            "ipv6_cidr_block": "",
            "ipv6_cidr_block_association_id": "",
            "ipv6_native": false,
            "map_customer_owned_ip_on_launch": false,
            "map_public_ip_on_launch": false,
            "outpost_arn": "",
            "owner_id": "924305315126",
            "private_dns_hostname_type_on_launch": "ip-name",
            "tags": {
              "Environment": "prod",
              "ManagedBy": "Terraform",
              "Name": "clixx-private-app-subnet-2",
              "Project": "Clixx Retail",
              "Purpose": "ApplicationServers",
              "Terraform": "true",
              "Tier": "private"
            },
            "tags_all": {
              "Environment": "prod",
              "ManagedBy": "Terraform",
              "Name": "clixx-private-app-subnet-2",
              "Project": "Clixx Retail",
              "Purpose": "ApplicationServers",
              "Terraform": "true",
              "Tier": "private"
            },
            "timeouts": null,
            "vpc_id": "vpc-026a6d22a73033461"
          },
          "sensitive_attributes": [],
          "private": "eyJlMmJmYjczMC1lY2FhLTExZTYtOGY4OC0zNDM2M2JjN2M0YzAiOnsiY3JlYXRlIjo2MDAwMDAwMDAwMDAsImRlbGV0ZSI6MTIwMDAwMDAwMDAwMH0sInNjaGVtYV92ZXJzaW9uIjoiMSJ9",
          "dependencies": [
            "aws_vpc.main"
          ]
        }
      ]
    },
    {
      "mode": "managed",
      "type": "aws_subnet",
      "name": "private_db",
      "provider": "provider[\"registry.terraform.io/hashicorp/aws\"]",
      "instances": [
        {
          "index_key": 0,
          "schema_version": 1,
          "attributes": {
            "arn": "arn:aws:ec2:us-east-1:924305315126:subnet/subnet-0674984273ad088aa",
            "assign_ipv6_address_on_creation": false,
            "availability_zone": "us-east-1a",
            "availability_zone_id": "use1-az6",
            "cidr_block": "10.0.12.0/22",
            "customer_owned_ipv4_pool": "",
            "enable_dns64": false,
            "enable_lni_at_device_index": 0,
            "enable_resource_name_dns_a_record_on_launch": false,
            "enable_resource_name_dns_aaaa_record_on_launch": false,
            "id": "subnet-0674984273ad088aa",
            "ipv6_cidr_block": "",
            "ipv6_cidr_block_association_id": "",
            "ipv6_native": false,
            "map_customer_owned_ip_on_launch": false,
            "map_public_ip_on_launch": false,
            "outpost_arn": "",
            "owner_id": "924305315126",
            "private_dns_hostname_type_on_launch": "ip-name",
            "tags": {
              "Environment": "prod",
              "ManagedBy": "Terraform",
              "Name": "clixx-private-db-subnet-1",
              "Project": "Clixx Retail",
              "Purpose": "RDSDatabase",
              "Terraform": "true",
              "Tier": "private"
            },
            "tags_all": {
              "Environment": "prod",
              "ManagedBy": "Terraform",
              "Name": "clixx-private-db-subnet-1",
              "Project": "Clixx Retail",
              "Purpose": "RDSDatabase",
              "Terraform": "true",
              "Tier": "private"
            },
            "timeouts": null,
            "vpc_id": "vpc-026a6d22a73033461"
          },
          "sensitive_attributes": [],
          "private": "eyJlMmJmYjczMC1lY2FhLTExZTYtOGY4OC0zNDM2M2JjN2M0YzAiOnsiY3JlYXRlIjo2MDAwMDAwMDAwMDAsImRlbGV0ZSI6MTIwMDAwMDAwMDAwMH0sInNjaGVtYV92ZXJzaW9uIjoiMSJ9",
          "dependencies": [
            "aws_vpc.main"
          ]
        },
        {
          "index_key": 1,
          "schema_version": 1,
          "attributes": {
            "arn": "arn:aws:ec2:us-east-1:924305315126:subnet/subnet-0f1a39e2d9ea2e573",
            "assign_ipv6_address_on_creation": false,
            "availability_zone": "us-east-1b",
            "availability_zone_id": "use1-az1",
            "cidr_block": "10.0.16.0/22",
            "customer_owned_ipv4_pool": "",
            "enable_dns64": false,
            "enable_lni_at_device_index": 0,
            "enable_resource_name_dns_a_record_on_launch": false,
            "enable_resource_name_dns_aaaa_record_on_launch": false,
            "id": "subnet-0f1a39e2d9ea2e573",
            "ipv6_cidr_block": "",
            "ipv6_cidr_block_association_id": "",
            "ipv6_native": false,
            "map_customer_owned_ip_on_launch": false,
            "map_public_ip_on_launch": false,
            "outpost_arn": "",
            "owner_id": "924305315126",
            "private_dns_hostname_type_on_launch": "ip-name",
            "tags": {
              "Environment": "prod",
              "ManagedBy": "Terraform",
              "Name": "clixx-private-db-subnet-2",
              "Project": "Clixx Retail",
              "Purpose": "RDSDatabase",
              "Terraform": "true",
              "Tier": "private"
            },
            "tags_all": {
              "Environment": "prod",
              "ManagedBy": "Terraform",
              "Name": "clixx-private-db-subnet-2",
              "Project": "Clixx Retail",
              "Purpose": "RDSDatabase",
              "Terraform": "true",
              "Tier": "private"
            },
            "timeouts": null,
            "vpc_id": "vpc-026a6d22a73033461"
          },
          "sensitive_attributes": [],
          "private": "eyJlMmJmYjczMC1lY2FhLTExZTYtOGY4OC0zNDM2M2JjN2M0YzAiOnsiY3JlYXRlIjo2MDAwMDAwMDAwMDAsImRlbGV0ZSI6MTIwMDAwMDAwMDAwMH0sInNjaGVtYV92ZXJzaW9uIjoiMSJ9",
          "dependencies": [
            "aws_vpc.main"
          ]
        }
      ]
    },
    {
      "mode": "managed",
      "type": "aws_subnet",
      "name": "public",
      "provider": "provider[\"registry.terraform.io/hashicorp/aws\"]",
      "instances": [
        {
          "index_key": 0,
          "schema_version": 1,
          "attributes": {
            "arn": "arn:aws:ec2:us-east-1:924305315126:subnet/subnet-0f880b7d48ad89ae2",
            "assign_ipv6_address_on_creation": false,
            "availability_zone": "us-east-1a",
            "availability_zone_id": "use1-az6",
            "cidr_block": "10.0.0.0/23",
            "customer_owned_ipv4_pool": "",
            "enable_dns64": false,
            "enable_lni_at_device_index": 0,
            "enable_resource_name_dns_a_record_on_launch": false,
            "enable_resource_name_dns_aaaa_record_on_launch": false,
            "id": "subnet-0f880b7d48ad89ae2",
            "ipv6_cidr_block": "",
            "ipv6_cidr_block_association_id": "",
            "ipv6_native": false,
            "map_customer_owned_ip_on_launch": false,
            "map_public_ip_on_launch": true,
            "outpost_arn": "",
            "owner_id": "924305315126",
            "private_dns_hostname_type_on_launch": "ip-name",
            "tags": {
              "Environment": "prod",
              "ManagedBy": "Terraform",
              "Name": "clixx-public-subnet-1",
              "Project": "Clixx Retail",
              "Purpose": "LoadBalancer-Bastion",
              "Terraform": "true",
              "Tier": "public"
            },
            "tags_all": {
              "Environment": "prod",
              "ManagedBy": "Terraform",
              "Name": "clixx-public-subnet-1",
              "Project": "Clixx Retail",
              "Purpose": "LoadBalancer-Bastion",
              "Terraform": "true",
              "Tier": "public"
            },
            "timeouts": null,
            "vpc_id": "vpc-026a6d22a73033461"
          },
          "sensitive_attributes": [],
          "private": "eyJlMmJmYjczMC1lY2FhLTExZTYtOGY4OC0zNDM2M2JjN2M0YzAiOnsiY3JlYXRlIjo2MDAwMDAwMDAwMDAsImRlbGV0ZSI6MTIwMDAwMDAwMDAwMH0sInNjaGVtYV92ZXJzaW9uIjoiMSJ9",
          "dependencies": [
            "aws_vpc.main"
          ]
        },
        {
          "index_key": 1,
          "schema_version": 1,
          "attributes": {
            "arn": "arn:aws:ec2:us-east-1:924305315126:subnet/subnet-0ceb967bf88c837d8",
            "assign_ipv6_address_on_creation": false,
            "availability_zone": "us-east-1b",
            "availability_zone_id": "use1-az1",
            "cidr_block": "10.0.2.0/23",
            "customer_owned_ipv4_pool": "",
            "enable_dns64": false,
            "enable_lni_at_device_index": 0,
            "enable_resource_name_dns_a_record_on_launch": false,
            "enable_resource_name_dns_aaaa_record_on_launch": false,
            "id": "subnet-0ceb967bf88c837d8",
            "ipv6_cidr_block": "",
            "ipv6_cidr_block_association_id": "",
            "ipv6_native": false,
            "map_customer_owned_ip_on_launch": false,
            "map_public_ip_on_launch": true,
            "outpost_arn": "",
            "owner_id": "924305315126",
            "private_dns_hostname_type_on_launch": "ip-name",
            "tags": {
              "Environment": "prod",
              "ManagedBy": "Terraform",
              "Name": "clixx-public-subnet-2",
              "Project": "Clixx Retail",
              "Purpose": "LoadBalancer-Bastion",
              "Terraform": "true",
              "Tier": "public"
            },
            "tags_all": {
              "Environment": "prod",
              "ManagedBy": "Terraform",
              "Name": "clixx-public-subnet-2",
              "Project": "Clixx Retail",
              "Purpose": "LoadBalancer-Bastion",
              "Terraform": "true",
              "Tier": "public"
            },
            "timeouts": null,
            "vpc_id": "vpc-026a6d22a73033461"
          },
          "sensitive_attributes": [],
          "private": "eyJlMmJmYjczMC1lY2FhLTExZTYtOGY4OC0zNDM2M2JjN2M0YzAiOnsiY3JlYXRlIjo2MDAwMDAwMDAwMDAsImRlbGV0ZSI6MTIwMDAwMDAwMDAwMH0sInNjaGVtYV92ZXJzaW9uIjoiMSJ9",
          "dependencies": [
            "aws_vpc.main"
          ]
        }
      ]
    },
    {
      "mode": "managed",
      "type": "aws_vpc",
      "name": "main",
      "provider": "provider[\"registry.terraform.io/hashicorp/aws\"]",
      "instances": [
        {
          "schema_version": 1,
          "attributes": {
            "arn": "arn:aws:ec2:us-east-1:924305315126:vpc/vpc-026a6d22a73033461",
            "assign_generated_ipv6_cidr_block": false,
            "cidr_block": "10.0.0.0/16",
            "default_network_acl_id": "acl-068b9778318fac6f3",
            "default_route_table_id": "rtb-06f626ece276c8b29",
            "default_security_group_id": "sg-0faeaf9eb839cf397",
            "dhcp_options_id": "dopt-08a252ee69a69ce96",
            "enable_classiclink": false,
            "enable_classiclink_dns_support": false,
            "enable_dns_hostnames": true,
            "enable_dns_support": true,
            "enable_network_address_usage_metrics": false,
            "id": "vpc-026a6d22a73033461",
            "instance_tenancy": "default",
            "ipv4_ipam_pool_id": null,
            "ipv4_netmask_length": null,
            "ipv6_association_id": "",
            "ipv6_cidr_block": "",
            "ipv6_cidr_block_network_border_group": "",
            "ipv6_ipam_pool_id": "",
            "ipv6_netmask_length": 0,
            "main_route_table_id": "rtb-06f626ece276c8b29",
            "owner_id": "924305315126",
            "tags": {
              "Architecture": "Enhanced 12-subnet design",
              "Environment": "prod",
              "Name": "clixx-vpc",
              "Terraform": "true"
            },
            "tags_all": {
              "Architecture": "Enhanced 12-subnet design",
              "Environment": "prod",
              "Name": "clixx-vpc",
              "Terraform": "true"
            }
          },
          "sensitive_attributes": [],
          "private": "eyJzY2hlbWFfdmVyc2lvbiI6IjEifQ=="
        }
      ]
    }
  ],
  "check_results": null
}
